<?xml version="1.0" encoding="utf-8"?>
<Project ToolsVersion="15.0" xmlns="http://schemas.microsoft.com/developer/msbuild/2003">
  <ItemGroup>
    <ClCompile Include="E:\VS2017Projects\bullet3-master\examples\MultiBody\Pendulum.cpp">
      <Filter>Source Files</Filter>
    </ClCompile>
  </ItemGroup>
  <ItemGroup>
    <CustomBuild Include="E:\VS2017Projects\bullet3-master\test\BulletDynamics\pendulum\CMakeLists.txt" />
  </ItemGroup>
  <ItemGroup>
    <Filter Include="Source Files">
      <UniqueIdentifier>{2D80533D-35AE-38B5-B044-9B93252ABAA9}</UniqueIdentifier>
    </Filter>
  </ItemGroup>
</Project>
