<?xml version="1.0" encoding="utf-8"?>
<Project ToolsVersion="15.0" xmlns="http://schemas.microsoft.com/developer/msbuild/2003">
  <ItemGroup>
    <CustomBuild Include="E:\VS2017Projects\bullet3-master\CMakeFiles\a27f3e2effd380aa86e3309f60fe6b9e\INSTALL_force.rule">
      <Filter>CMake Rules</Filter>
    </CustomBuild>
  </ItemGroup>
  <ItemGroup>
    <Filter Include="CMake Rules">
      <UniqueIdentifier>{E3C6E6A1-C5E9-3F02-88E3-E72395D6402D}</UniqueIdentifier>
    </Filter>
  </ItemGroup>
</Project>
