Microsoft Visual Studio Solution File, Format Version 12.00
# Visual Studio 15
Project("{8BC9CEB8-8B4A-11D0-8D11-00A0C91BC942}") = "ALL_BUILD", "ALL_BUILD.vcxproj", "{BD8C2027-FA48-3833-B08C-541C0210B040}"
	ProjectSection(ProjectDependencies) = postProject
		{FC0476A0-B35F-3086-938B-A67310DF6615} = {FC0476A0-B35F-3086-938B-A67310DF6615}
		{6A94D296-BF11-38CC-92F5-34400C45BF20} = {6A94D296-BF11-38CC-92F5-34400C45BF20}
		{9476728B-B621-3BCC-A05B-CD089C4355F8} = {9476728B-B621-3BCC-A05B-CD089C4355F8}
		{5AE624DB-8F30-375B-AD5F-08A6BCCDCED3} = {5AE624DB-8F30-375B-AD5F-08A6BCCDCED3}
		{DC2F88ED-7E84-3580-9C1D-97BD8371FD8D} = {DC2F88ED-7E84-3580-9C1D-97BD8371FD8D}
		{0CD1C3E3-41FE-350B-9890-EE5651BFE557} = {0CD1C3E3-41FE-350B-9890-EE5651BFE557}
		{B95D172C-25BD-3F7E-BB51-C4CBE1D21DD5} = {B95D172C-25BD-3F7E-BB51-C4CBE1D21DD5}
		{4C1EB6BE-E7D3-32C1-A2DC-EE2B5A73191D} = {4C1EB6BE-E7D3-32C1-A2DC-EE2B5A73191D}
		{5734EFE3-1EDD-3E25-A61F-4AEE96F331EA} = {5734EFE3-1EDD-3E25-A61F-4AEE96F331EA}
		{CCB7EDB2-5814-3A99-AAA7-1EEC9D935C01} = {CCB7EDB2-5814-3A99-AAA7-1EEC9D935C01}
		{EC52325A-1AAE-3EC6-9D61-758693A8CC50} = {EC52325A-1AAE-3EC6-9D61-758693A8CC50}
		{484B16AB-F3B9-35A1-A659-8B7C54D0A770} = {484B16AB-F3B9-35A1-A659-8B7C54D0A770}
		{55DD5992-F084-33F2-91B8-ED1F6936C46D} = {55DD5992-F084-33F2-91B8-ED1F6936C46D}
		{2EA438E8-7079-3834-97F8-BE98ABAB7376} = {2EA438E8-7079-3834-97F8-BE98ABAB7376}
		{9904A7D8-15AE-37DF-A4E5-D96CD3DBE02C} = {9904A7D8-15AE-37DF-A4E5-D96CD3DBE02C}
		{66C1973D-6036-3DC8-B86E-B10C7A0EB084} = {66C1973D-6036-3DC8-B86E-B10C7A0EB084}
		{6644FB91-353E-3EA4-9283-89D9A3EC7A08} = {6644FB91-353E-3EA4-9283-89D9A3EC7A08}
		{B2243281-E9E5-3607-97F3-80C8A57627E7} = {B2243281-E9E5-3607-97F3-80C8A57627E7}
		{85222E1D-1917-3723-86B7-ACACCCC38A26} = {85222E1D-1917-3723-86B7-ACACCCC38A26}
		{D1566F81-B72F-38F6-BD3A-0BF2166015E6} = {D1566F81-B72F-38F6-BD3A-0BF2166015E6}
		{49E8CE2F-B569-3590-862F-CBC8ED4AB706} = {49E8CE2F-B569-3590-862F-CBC8ED4AB706}
		{B073BAE5-7F0A-3F20-A3DD-032F9570DF95} = {B073BAE5-7F0A-3F20-A3DD-032F9570DF95}
		{ABF6E71F-78CE-3433-B7FA-F0023D1A502A} = {ABF6E71F-78CE-3433-B7FA-F0023D1A502A}
		{0E181588-C047-3941-877A-80D85511E7E5} = {0E181588-C047-3941-877A-80D85511E7E5}
		{2B045043-7FAF-35A5-8532-4E812F6464FA} = {2B045043-7FAF-35A5-8532-4E812F6464FA}
		{621DCD50-CAFE-352E-9C6F-FBB4A0600BA7} = {621DCD50-CAFE-352E-9C6F-FBB4A0600BA7}
		{CA229045-CD42-37DD-AA56-340D4DFDB96F} = {CA229045-CD42-37DD-AA56-340D4DFDB96F}
		{48516BA9-33B8-350C-8544-9E1A1F4AB087} = {48516BA9-33B8-350C-8544-9E1A1F4AB087}
		{123AA6F8-3E25-3BA6-BA2A-E718B04E11E6} = {123AA6F8-3E25-3BA6-BA2A-E718B04E11E6}
		{062B5DB6-0D62-3029-A7AC-E56559901C9C} = {062B5DB6-0D62-3029-A7AC-E56559901C9C}
		{8972957F-4500-38BA-9476-8BD7FD5049FD} = {8972957F-4500-38BA-9476-8BD7FD5049FD}
		{4BDC172E-7564-3E53-A7EA-30E55307C9A0} = {4BDC172E-7564-3E53-A7EA-30E55307C9A0}
		{223785BB-0BD4-361D-8B73-576271D41702} = {223785BB-0BD4-361D-8B73-576271D41702}
		{D7E174B0-2DDC-35D0-8ADB-FB2A5276BE58} = {D7E174B0-2DDC-35D0-8ADB-FB2A5276BE58}
		{F84B4408-E671-3ADC-97DA-1D0AAADD7D02} = {F84B4408-E671-3ADC-97DA-1D0AAADD7D02}
		{B150B9BF-97A5-3C0E-8C10-2552DCF32488} = {B150B9BF-97A5-3C0E-8C10-2552DCF32488}
		{E08A229C-0425-3A49-BEEE-DDE676349D8B} = {E08A229C-0425-3A49-BEEE-DDE676349D8B}
		{96081DDE-3BEF-3111-A3A8-6DCBB7496072} = {96081DDE-3BEF-3111-A3A8-6DCBB7496072}
		{84940F76-F7E3-3FAA-84C3-25527A92C054} = {84940F76-F7E3-3FAA-84C3-25527A92C054}
		{B0E67616-1E14-32B8-8EB9-01ACDB713D69} = {B0E67616-1E14-32B8-8EB9-01ACDB713D69}
		{A4A1F411-0E36-3451-8F70-E3DA1195D38D} = {A4A1F411-0E36-3451-8F70-E3DA1195D38D}
		{66149EB1-15CC-315B-B5A0-C1328F59ADDF} = {66149EB1-15CC-315B-B5A0-C1328F59ADDF}
		{FD38565A-D40E-3205-8882-E450AB6FF7DF} = {FD38565A-D40E-3205-8882-E450AB6FF7DF}
		{9EC3CD63-E423-3761-B1B1-8291310A1D3A} = {9EC3CD63-E423-3761-B1B1-8291310A1D3A}
		{12541EFB-BC2C-3CD4-BDEB-1F33C27DEB6E} = {12541EFB-BC2C-3CD4-BDEB-1F33C27DEB6E}
	EndProjectSection
EndProject
Project("{8BC9CEB8-8B4A-11D0-8D11-00A0C91BC942}") = "AppBasicExampleGui", "examples\BasicDemo\AppBasicExampleGui.vcxproj", "{FC0476A0-B35F-3086-938B-A67310DF6615}"
	ProjectSection(ProjectDependencies) = postProject
		{9904A7D8-15AE-37DF-A4E5-D96CD3DBE02C} = {9904A7D8-15AE-37DF-A4E5-D96CD3DBE02C}
		{85222E1D-1917-3723-86B7-ACACCCC38A26} = {85222E1D-1917-3723-86B7-ACACCCC38A26}
		{D1566F81-B72F-38F6-BD3A-0BF2166015E6} = {D1566F81-B72F-38F6-BD3A-0BF2166015E6}
		{223785BB-0BD4-361D-8B73-576271D41702} = {223785BB-0BD4-361D-8B73-576271D41702}
		{D7E174B0-2DDC-35D0-8ADB-FB2A5276BE58} = {D7E174B0-2DDC-35D0-8ADB-FB2A5276BE58}
		{66149EB1-15CC-315B-B5A0-C1328F59ADDF} = {66149EB1-15CC-315B-B5A0-C1328F59ADDF}
	EndProjectSection
EndProject
Project("{8BC9CEB8-8B4A-11D0-8D11-00A0C91BC942}") = "App_BasicExample", "examples\BasicDemo\App_BasicExample.vcxproj", "{6A94D296-BF11-38CC-92F5-34400C45BF20}"
	ProjectSection(ProjectDependencies) = postProject
		{85222E1D-1917-3723-86B7-ACACCCC38A26} = {85222E1D-1917-3723-86B7-ACACCCC38A26}
		{D1566F81-B72F-38F6-BD3A-0BF2166015E6} = {D1566F81-B72F-38F6-BD3A-0BF2166015E6}
		{223785BB-0BD4-361D-8B73-576271D41702} = {223785BB-0BD4-361D-8B73-576271D41702}
		{66149EB1-15CC-315B-B5A0-C1328F59ADDF} = {66149EB1-15CC-315B-B5A0-C1328F59ADDF}
	EndProjectSection
EndProject
Project("{8BC9CEB8-8B4A-11D0-8D11-00A0C91BC942}") = "App_ExampleBrowser", "examples\ExampleBrowser\App_ExampleBrowser.vcxproj", "{9476728B-B621-3BCC-A05B-CD089C4355F8}"
	ProjectSection(ProjectDependencies) = postProject
		{9904A7D8-15AE-37DF-A4E5-D96CD3DBE02C} = {9904A7D8-15AE-37DF-A4E5-D96CD3DBE02C}
		{85222E1D-1917-3723-86B7-ACACCCC38A26} = {85222E1D-1917-3723-86B7-ACACCCC38A26}
		{D1566F81-B72F-38F6-BD3A-0BF2166015E6} = {D1566F81-B72F-38F6-BD3A-0BF2166015E6}
		{49E8CE2F-B569-3590-862F-CBC8ED4AB706} = {49E8CE2F-B569-3590-862F-CBC8ED4AB706}
		{ABF6E71F-78CE-3433-B7FA-F0023D1A502A} = {ABF6E71F-78CE-3433-B7FA-F0023D1A502A}
		{0E181588-C047-3941-877A-80D85511E7E5} = {0E181588-C047-3941-877A-80D85511E7E5}
		{621DCD50-CAFE-352E-9C6F-FBB4A0600BA7} = {621DCD50-CAFE-352E-9C6F-FBB4A0600BA7}
		{123AA6F8-3E25-3BA6-BA2A-E718B04E11E6} = {123AA6F8-3E25-3BA6-BA2A-E718B04E11E6}
		{223785BB-0BD4-361D-8B73-576271D41702} = {223785BB-0BD4-361D-8B73-576271D41702}
		{D7E174B0-2DDC-35D0-8ADB-FB2A5276BE58} = {D7E174B0-2DDC-35D0-8ADB-FB2A5276BE58}
		{66149EB1-15CC-315B-B5A0-C1328F59ADDF} = {66149EB1-15CC-315B-B5A0-C1328F59ADDF}
		{12541EFB-BC2C-3CD4-BDEB-1F33C27DEB6E} = {12541EFB-BC2C-3CD4-BDEB-1F33C27DEB6E}
	EndProjectSection
EndProject
Project("{8BC9CEB8-8B4A-11D0-8D11-00A0C91BC942}") = "App_HelloBulletRobotics", "examples\RobotSimulator\App_HelloBulletRobotics.vcxproj", "{5AE624DB-8F30-375B-AD5F-08A6BCCDCED3}"
	ProjectSection(ProjectDependencies) = postProject
		{9904A7D8-15AE-37DF-A4E5-D96CD3DBE02C} = {9904A7D8-15AE-37DF-A4E5-D96CD3DBE02C}
		{85222E1D-1917-3723-86B7-ACACCCC38A26} = {85222E1D-1917-3723-86B7-ACACCCC38A26}
		{D1566F81-B72F-38F6-BD3A-0BF2166015E6} = {D1566F81-B72F-38F6-BD3A-0BF2166015E6}
		{B073BAE5-7F0A-3F20-A3DD-032F9570DF95} = {B073BAE5-7F0A-3F20-A3DD-032F9570DF95}
		{ABF6E71F-78CE-3433-B7FA-F0023D1A502A} = {ABF6E71F-78CE-3433-B7FA-F0023D1A502A}
		{0E181588-C047-3941-877A-80D85511E7E5} = {0E181588-C047-3941-877A-80D85511E7E5}
		{2B045043-7FAF-35A5-8532-4E812F6464FA} = {2B045043-7FAF-35A5-8532-4E812F6464FA}
		{621DCD50-CAFE-352E-9C6F-FBB4A0600BA7} = {621DCD50-CAFE-352E-9C6F-FBB4A0600BA7}
		{CA229045-CD42-37DD-AA56-340D4DFDB96F} = {CA229045-CD42-37DD-AA56-340D4DFDB96F}
		{223785BB-0BD4-361D-8B73-576271D41702} = {223785BB-0BD4-361D-8B73-576271D41702}
		{66149EB1-15CC-315B-B5A0-C1328F59ADDF} = {66149EB1-15CC-315B-B5A0-C1328F59ADDF}
	EndProjectSection
EndProject
Project("{8BC9CEB8-8B4A-11D0-8D11-00A0C91BC942}") = "App_HelloWorld", "examples\HelloWorld\App_HelloWorld.vcxproj", "{DC2F88ED-7E84-3580-9C1D-97BD8371FD8D}"
	ProjectSection(ProjectDependencies) = postProject
		{85222E1D-1917-3723-86B7-ACACCCC38A26} = {85222E1D-1917-3723-86B7-ACACCCC38A26}
		{D1566F81-B72F-38F6-BD3A-0BF2166015E6} = {D1566F81-B72F-38F6-BD3A-0BF2166015E6}
		{223785BB-0BD4-361D-8B73-576271D41702} = {223785BB-0BD4-361D-8B73-576271D41702}
		{66149EB1-15CC-315B-B5A0-C1328F59ADDF} = {66149EB1-15CC-315B-B5A0-C1328F59ADDF}
	EndProjectSection
EndProject
Project("{8BC9CEB8-8B4A-11D0-8D11-00A0C91BC942}") = "App_PhysicsServer_SharedMemory", "examples\SharedMemory\App_PhysicsServer_SharedMemory.vcxproj", "{0CD1C3E3-41FE-350B-9890-EE5651BFE557}"
	ProjectSection(ProjectDependencies) = postProject
		{9904A7D8-15AE-37DF-A4E5-D96CD3DBE02C} = {9904A7D8-15AE-37DF-A4E5-D96CD3DBE02C}
		{85222E1D-1917-3723-86B7-ACACCCC38A26} = {85222E1D-1917-3723-86B7-ACACCCC38A26}
		{D1566F81-B72F-38F6-BD3A-0BF2166015E6} = {D1566F81-B72F-38F6-BD3A-0BF2166015E6}
		{B073BAE5-7F0A-3F20-A3DD-032F9570DF95} = {B073BAE5-7F0A-3F20-A3DD-032F9570DF95}
		{ABF6E71F-78CE-3433-B7FA-F0023D1A502A} = {ABF6E71F-78CE-3433-B7FA-F0023D1A502A}
		{0E181588-C047-3941-877A-80D85511E7E5} = {0E181588-C047-3941-877A-80D85511E7E5}
		{621DCD50-CAFE-352E-9C6F-FBB4A0600BA7} = {621DCD50-CAFE-352E-9C6F-FBB4A0600BA7}
		{CA229045-CD42-37DD-AA56-340D4DFDB96F} = {CA229045-CD42-37DD-AA56-340D4DFDB96F}
		{123AA6F8-3E25-3BA6-BA2A-E718B04E11E6} = {123AA6F8-3E25-3BA6-BA2A-E718B04E11E6}
		{223785BB-0BD4-361D-8B73-576271D41702} = {223785BB-0BD4-361D-8B73-576271D41702}
		{66149EB1-15CC-315B-B5A0-C1328F59ADDF} = {66149EB1-15CC-315B-B5A0-C1328F59ADDF}
	EndProjectSection
EndProject
Project("{8BC9CEB8-8B4A-11D0-8D11-00A0C91BC942}") = "App_PhysicsServer_SharedMemory_GUI", "examples\SharedMemory\App_PhysicsServer_SharedMemory_GUI.vcxproj", "{B95D172C-25BD-3F7E-BB51-C4CBE1D21DD5}"
	ProjectSection(ProjectDependencies) = postProject
		{9904A7D8-15AE-37DF-A4E5-D96CD3DBE02C} = {9904A7D8-15AE-37DF-A4E5-D96CD3DBE02C}
		{85222E1D-1917-3723-86B7-ACACCCC38A26} = {85222E1D-1917-3723-86B7-ACACCCC38A26}
		{D1566F81-B72F-38F6-BD3A-0BF2166015E6} = {D1566F81-B72F-38F6-BD3A-0BF2166015E6}
		{B073BAE5-7F0A-3F20-A3DD-032F9570DF95} = {B073BAE5-7F0A-3F20-A3DD-032F9570DF95}
		{ABF6E71F-78CE-3433-B7FA-F0023D1A502A} = {ABF6E71F-78CE-3433-B7FA-F0023D1A502A}
		{0E181588-C047-3941-877A-80D85511E7E5} = {0E181588-C047-3941-877A-80D85511E7E5}
		{621DCD50-CAFE-352E-9C6F-FBB4A0600BA7} = {621DCD50-CAFE-352E-9C6F-FBB4A0600BA7}
		{CA229045-CD42-37DD-AA56-340D4DFDB96F} = {CA229045-CD42-37DD-AA56-340D4DFDB96F}
		{123AA6F8-3E25-3BA6-BA2A-E718B04E11E6} = {123AA6F8-3E25-3BA6-BA2A-E718B04E11E6}
		{223785BB-0BD4-361D-8B73-576271D41702} = {223785BB-0BD4-361D-8B73-576271D41702}
		{D7E174B0-2DDC-35D0-8ADB-FB2A5276BE58} = {D7E174B0-2DDC-35D0-8ADB-FB2A5276BE58}
		{66149EB1-15CC-315B-B5A0-C1328F59ADDF} = {66149EB1-15CC-315B-B5A0-C1328F59ADDF}
	EndProjectSection
EndProject
Project("{8BC9CEB8-8B4A-11D0-8D11-00A0C91BC942}") = "App_PhysicsServer_SharedMemory_VR", "examples\SharedMemory\App_PhysicsServer_SharedMemory_VR.vcxproj", "{4C1EB6BE-E7D3-32C1-A2DC-EE2B5A73191D}"
	ProjectSection(ProjectDependencies) = postProject
		{9904A7D8-15AE-37DF-A4E5-D96CD3DBE02C} = {9904A7D8-15AE-37DF-A4E5-D96CD3DBE02C}
		{85222E1D-1917-3723-86B7-ACACCCC38A26} = {85222E1D-1917-3723-86B7-ACACCCC38A26}
		{D1566F81-B72F-38F6-BD3A-0BF2166015E6} = {D1566F81-B72F-38F6-BD3A-0BF2166015E6}
		{B073BAE5-7F0A-3F20-A3DD-032F9570DF95} = {B073BAE5-7F0A-3F20-A3DD-032F9570DF95}
		{ABF6E71F-78CE-3433-B7FA-F0023D1A502A} = {ABF6E71F-78CE-3433-B7FA-F0023D1A502A}
		{0E181588-C047-3941-877A-80D85511E7E5} = {0E181588-C047-3941-877A-80D85511E7E5}
		{621DCD50-CAFE-352E-9C6F-FBB4A0600BA7} = {621DCD50-CAFE-352E-9C6F-FBB4A0600BA7}
		{CA229045-CD42-37DD-AA56-340D4DFDB96F} = {CA229045-CD42-37DD-AA56-340D4DFDB96F}
		{123AA6F8-3E25-3BA6-BA2A-E718B04E11E6} = {123AA6F8-3E25-3BA6-BA2A-E718B04E11E6}
		{223785BB-0BD4-361D-8B73-576271D41702} = {223785BB-0BD4-361D-8B73-576271D41702}
		{D7E174B0-2DDC-35D0-8ADB-FB2A5276BE58} = {D7E174B0-2DDC-35D0-8ADB-FB2A5276BE58}
		{66149EB1-15CC-315B-B5A0-C1328F59ADDF} = {66149EB1-15CC-315B-B5A0-C1328F59ADDF}
	EndProjectSection
EndProject
Project("{8BC9CEB8-8B4A-11D0-8D11-00A0C91BC942}") = "App_RobotSimulator", "examples\RobotSimulator\App_RobotSimulator.vcxproj", "{5734EFE3-1EDD-3E25-A61F-4AEE96F331EA}"
	ProjectSection(ProjectDependencies) = postProject
		{9904A7D8-15AE-37DF-A4E5-D96CD3DBE02C} = {9904A7D8-15AE-37DF-A4E5-D96CD3DBE02C}
		{85222E1D-1917-3723-86B7-ACACCCC38A26} = {85222E1D-1917-3723-86B7-ACACCCC38A26}
		{D1566F81-B72F-38F6-BD3A-0BF2166015E6} = {D1566F81-B72F-38F6-BD3A-0BF2166015E6}
		{49E8CE2F-B569-3590-862F-CBC8ED4AB706} = {49E8CE2F-B569-3590-862F-CBC8ED4AB706}
		{B073BAE5-7F0A-3F20-A3DD-032F9570DF95} = {B073BAE5-7F0A-3F20-A3DD-032F9570DF95}
		{ABF6E71F-78CE-3433-B7FA-F0023D1A502A} = {ABF6E71F-78CE-3433-B7FA-F0023D1A502A}
		{0E181588-C047-3941-877A-80D85511E7E5} = {0E181588-C047-3941-877A-80D85511E7E5}
		{2B045043-7FAF-35A5-8532-4E812F6464FA} = {2B045043-7FAF-35A5-8532-4E812F6464FA}
		{621DCD50-CAFE-352E-9C6F-FBB4A0600BA7} = {621DCD50-CAFE-352E-9C6F-FBB4A0600BA7}
		{CA229045-CD42-37DD-AA56-340D4DFDB96F} = {CA229045-CD42-37DD-AA56-340D4DFDB96F}
		{223785BB-0BD4-361D-8B73-576271D41702} = {223785BB-0BD4-361D-8B73-576271D41702}
		{D7E174B0-2DDC-35D0-8ADB-FB2A5276BE58} = {D7E174B0-2DDC-35D0-8ADB-FB2A5276BE58}
		{66149EB1-15CC-315B-B5A0-C1328F59ADDF} = {66149EB1-15CC-315B-B5A0-C1328F59ADDF}
		{12541EFB-BC2C-3CD4-BDEB-1F33C27DEB6E} = {12541EFB-BC2C-3CD4-BDEB-1F33C27DEB6E}
	EndProjectSection
EndProject
Project("{8BC9CEB8-8B4A-11D0-8D11-00A0C91BC942}") = "App_RobotSimulator_NoGUI", "examples\RobotSimulator\App_RobotSimulator_NoGUI.vcxproj", "{CCB7EDB2-5814-3A99-AAA7-1EEC9D935C01}"
	ProjectSection(ProjectDependencies) = postProject
		{9904A7D8-15AE-37DF-A4E5-D96CD3DBE02C} = {9904A7D8-15AE-37DF-A4E5-D96CD3DBE02C}
		{85222E1D-1917-3723-86B7-ACACCCC38A26} = {85222E1D-1917-3723-86B7-ACACCCC38A26}
		{D1566F81-B72F-38F6-BD3A-0BF2166015E6} = {D1566F81-B72F-38F6-BD3A-0BF2166015E6}
		{B073BAE5-7F0A-3F20-A3DD-032F9570DF95} = {B073BAE5-7F0A-3F20-A3DD-032F9570DF95}
		{ABF6E71F-78CE-3433-B7FA-F0023D1A502A} = {ABF6E71F-78CE-3433-B7FA-F0023D1A502A}
		{0E181588-C047-3941-877A-80D85511E7E5} = {0E181588-C047-3941-877A-80D85511E7E5}
		{2B045043-7FAF-35A5-8532-4E812F6464FA} = {2B045043-7FAF-35A5-8532-4E812F6464FA}
		{621DCD50-CAFE-352E-9C6F-FBB4A0600BA7} = {621DCD50-CAFE-352E-9C6F-FBB4A0600BA7}
		{CA229045-CD42-37DD-AA56-340D4DFDB96F} = {CA229045-CD42-37DD-AA56-340D4DFDB96F}
		{223785BB-0BD4-361D-8B73-576271D41702} = {223785BB-0BD4-361D-8B73-576271D41702}
		{66149EB1-15CC-315B-B5A0-C1328F59ADDF} = {66149EB1-15CC-315B-B5A0-C1328F59ADDF}
	EndProjectSection
EndProject
Project("{8BC9CEB8-8B4A-11D0-8D11-00A0C91BC942}") = "App_TwoJoint", "examples\TwoJoint\App_TwoJoint.vcxproj", "{EC52325A-1AAE-3EC6-9D61-758693A8CC50}"
	ProjectSection(ProjectDependencies) = postProject
		{9904A7D8-15AE-37DF-A4E5-D96CD3DBE02C} = {9904A7D8-15AE-37DF-A4E5-D96CD3DBE02C}
		{85222E1D-1917-3723-86B7-ACACCCC38A26} = {85222E1D-1917-3723-86B7-ACACCCC38A26}
		{D1566F81-B72F-38F6-BD3A-0BF2166015E6} = {D1566F81-B72F-38F6-BD3A-0BF2166015E6}
		{49E8CE2F-B569-3590-862F-CBC8ED4AB706} = {49E8CE2F-B569-3590-862F-CBC8ED4AB706}
		{B073BAE5-7F0A-3F20-A3DD-032F9570DF95} = {B073BAE5-7F0A-3F20-A3DD-032F9570DF95}
		{ABF6E71F-78CE-3433-B7FA-F0023D1A502A} = {ABF6E71F-78CE-3433-B7FA-F0023D1A502A}
		{0E181588-C047-3941-877A-80D85511E7E5} = {0E181588-C047-3941-877A-80D85511E7E5}
		{621DCD50-CAFE-352E-9C6F-FBB4A0600BA7} = {621DCD50-CAFE-352E-9C6F-FBB4A0600BA7}
		{CA229045-CD42-37DD-AA56-340D4DFDB96F} = {CA229045-CD42-37DD-AA56-340D4DFDB96F}
		{123AA6F8-3E25-3BA6-BA2A-E718B04E11E6} = {123AA6F8-3E25-3BA6-BA2A-E718B04E11E6}
		{223785BB-0BD4-361D-8B73-576271D41702} = {223785BB-0BD4-361D-8B73-576271D41702}
		{D7E174B0-2DDC-35D0-8ADB-FB2A5276BE58} = {D7E174B0-2DDC-35D0-8ADB-FB2A5276BE58}
		{66149EB1-15CC-315B-B5A0-C1328F59ADDF} = {66149EB1-15CC-315B-B5A0-C1328F59ADDF}
		{12541EFB-BC2C-3CD4-BDEB-1F33C27DEB6E} = {12541EFB-BC2C-3CD4-BDEB-1F33C27DEB6E}
	EndProjectSection
EndProject
Project("{8BC9CEB8-8B4A-11D0-8D11-00A0C91BC942}") = "App_obj2sdf", "Extras\obj2sdf\App_obj2sdf.vcxproj", "{484B16AB-F3B9-35A1-A659-8B7C54D0A770}"
	ProjectSection(ProjectDependencies) = postProject
		{9904A7D8-15AE-37DF-A4E5-D96CD3DBE02C} = {9904A7D8-15AE-37DF-A4E5-D96CD3DBE02C}
		{66149EB1-15CC-315B-B5A0-C1328F59ADDF} = {66149EB1-15CC-315B-B5A0-C1328F59ADDF}
	EndProjectSection
EndProject
Project("{8BC9CEB8-8B4A-11D0-8D11-00A0C91BC942}") = "Bullet2FileLoader", "src\Bullet3Serialize\Bullet2FileLoader\Bullet2FileLoader.vcxproj", "{55DD5992-F084-33F2-91B8-ED1F6936C46D}"
	ProjectSection(ProjectDependencies) = postProject
		{66149EB1-15CC-315B-B5A0-C1328F59ADDF} = {66149EB1-15CC-315B-B5A0-C1328F59ADDF}
	EndProjectSection
EndProject
Project("{8BC9CEB8-8B4A-11D0-8D11-00A0C91BC942}") = "Bullet3Collision", "src\Bullet3Collision\Bullet3Collision.vcxproj", "{2EA438E8-7079-3834-97F8-BE98ABAB7376}"
	ProjectSection(ProjectDependencies) = postProject
		{66149EB1-15CC-315B-B5A0-C1328F59ADDF} = {66149EB1-15CC-315B-B5A0-C1328F59ADDF}
	EndProjectSection
EndProject
Project("{8BC9CEB8-8B4A-11D0-8D11-00A0C91BC942}") = "Bullet3Common", "src\Bullet3Common\Bullet3Common.vcxproj", "{9904A7D8-15AE-37DF-A4E5-D96CD3DBE02C}"
	ProjectSection(ProjectDependencies) = postProject
		{66149EB1-15CC-315B-B5A0-C1328F59ADDF} = {66149EB1-15CC-315B-B5A0-C1328F59ADDF}
	EndProjectSection
EndProject
Project("{8BC9CEB8-8B4A-11D0-8D11-00A0C91BC942}") = "Bullet3Dynamics", "src\Bullet3Dynamics\Bullet3Dynamics.vcxproj", "{66C1973D-6036-3DC8-B86E-B10C7A0EB084}"
	ProjectSection(ProjectDependencies) = postProject
		{66149EB1-15CC-315B-B5A0-C1328F59ADDF} = {66149EB1-15CC-315B-B5A0-C1328F59ADDF}
	EndProjectSection
EndProject
Project("{8BC9CEB8-8B4A-11D0-8D11-00A0C91BC942}") = "Bullet3Geometry", "src\Bullet3Geometry\Bullet3Geometry.vcxproj", "{6644FB91-353E-3EA4-9283-89D9A3EC7A08}"
	ProjectSection(ProjectDependencies) = postProject
		{66149EB1-15CC-315B-B5A0-C1328F59ADDF} = {66149EB1-15CC-315B-B5A0-C1328F59ADDF}
	EndProjectSection
EndProject
Project("{8BC9CEB8-8B4A-11D0-8D11-00A0C91BC942}") = "Bullet3OpenCL_clew", "src\Bullet3OpenCL\Bullet3OpenCL_clew.vcxproj", "{B2243281-E9E5-3607-97F3-80C8A57627E7}"
	ProjectSection(ProjectDependencies) = postProject
		{66149EB1-15CC-315B-B5A0-C1328F59ADDF} = {66149EB1-15CC-315B-B5A0-C1328F59ADDF}
	EndProjectSection
EndProject
Project("{8BC9CEB8-8B4A-11D0-8D11-00A0C91BC942}") = "BulletCollision", "src\BulletCollision\BulletCollision.vcxproj", "{85222E1D-1917-3723-86B7-ACACCCC38A26}"
	ProjectSection(ProjectDependencies) = postProject
		{66149EB1-15CC-315B-B5A0-C1328F59ADDF} = {66149EB1-15CC-315B-B5A0-C1328F59ADDF}
	EndProjectSection
EndProject
Project("{8BC9CEB8-8B4A-11D0-8D11-00A0C91BC942}") = "BulletDynamics", "src\BulletDynamics\BulletDynamics.vcxproj", "{D1566F81-B72F-38F6-BD3A-0BF2166015E6}"
	ProjectSection(ProjectDependencies) = postProject
		{66149EB1-15CC-315B-B5A0-C1328F59ADDF} = {66149EB1-15CC-315B-B5A0-C1328F59ADDF}
	EndProjectSection
EndProject
Project("{8BC9CEB8-8B4A-11D0-8D11-00A0C91BC942}") = "BulletExampleBrowserLib", "examples\ExampleBrowser\BulletExampleBrowserLib.vcxproj", "{49E8CE2F-B569-3590-862F-CBC8ED4AB706}"
	ProjectSection(ProjectDependencies) = postProject
		{66149EB1-15CC-315B-B5A0-C1328F59ADDF} = {66149EB1-15CC-315B-B5A0-C1328F59ADDF}
	EndProjectSection
EndProject
Project("{8BC9CEB8-8B4A-11D0-8D11-00A0C91BC942}") = "BulletFileLoader", "Extras\Serialize\BulletFileLoader\BulletFileLoader.vcxproj", "{B073BAE5-7F0A-3F20-A3DD-032F9570DF95}"
	ProjectSection(ProjectDependencies) = postProject
		{66149EB1-15CC-315B-B5A0-C1328F59ADDF} = {66149EB1-15CC-315B-B5A0-C1328F59ADDF}
	EndProjectSection
EndProject
Project("{8BC9CEB8-8B4A-11D0-8D11-00A0C91BC942}") = "BulletInverseDynamics", "src\BulletInverseDynamics\BulletInverseDynamics.vcxproj", "{ABF6E71F-78CE-3433-B7FA-F0023D1A502A}"
	ProjectSection(ProjectDependencies) = postProject
		{66149EB1-15CC-315B-B5A0-C1328F59ADDF} = {66149EB1-15CC-315B-B5A0-C1328F59ADDF}
	EndProjectSection
EndProject
Project("{8BC9CEB8-8B4A-11D0-8D11-00A0C91BC942}") = "BulletInverseDynamicsUtils", "Extras\InverseDynamics\BulletInverseDynamicsUtils.vcxproj", "{0E181588-C047-3941-877A-80D85511E7E5}"
	ProjectSection(ProjectDependencies) = postProject
		{66149EB1-15CC-315B-B5A0-C1328F59ADDF} = {66149EB1-15CC-315B-B5A0-C1328F59ADDF}
	EndProjectSection
EndProject
Project("{8BC9CEB8-8B4A-11D0-8D11-00A0C91BC942}") = "BulletRobotics", "Extras\BulletRobotics\BulletRobotics.vcxproj", "{2B045043-7FAF-35A5-8532-4E812F6464FA}"
	ProjectSection(ProjectDependencies) = postProject
		{66149EB1-15CC-315B-B5A0-C1328F59ADDF} = {66149EB1-15CC-315B-B5A0-C1328F59ADDF}
	EndProjectSection
EndProject
Project("{8BC9CEB8-8B4A-11D0-8D11-00A0C91BC942}") = "BulletSoftBody", "src\BulletSoftBody\BulletSoftBody.vcxproj", "{621DCD50-CAFE-352E-9C6F-FBB4A0600BA7}"
	ProjectSection(ProjectDependencies) = postProject
		{66149EB1-15CC-315B-B5A0-C1328F59ADDF} = {66149EB1-15CC-315B-B5A0-C1328F59ADDF}
	EndProjectSection
EndProject
Project("{8BC9CEB8-8B4A-11D0-8D11-00A0C91BC942}") = "BulletWorldImporter", "Extras\Serialize\BulletWorldImporter\BulletWorldImporter.vcxproj", "{CA229045-CD42-37DD-AA56-340D4DFDB96F}"
	ProjectSection(ProjectDependencies) = postProject
		{66149EB1-15CC-315B-B5A0-C1328F59ADDF} = {66149EB1-15CC-315B-B5A0-C1328F59ADDF}
	EndProjectSection
EndProject
Project("{8BC9CEB8-8B4A-11D0-8D11-00A0C91BC942}") = "BulletXmlWorldImporter", "Extras\Serialize\BulletXmlWorldImporter\BulletXmlWorldImporter.vcxproj", "{48516BA9-33B8-350C-8544-9E1A1F4AB087}"
	ProjectSection(ProjectDependencies) = postProject
		{66149EB1-15CC-315B-B5A0-C1328F59ADDF} = {66149EB1-15CC-315B-B5A0-C1328F59ADDF}
	EndProjectSection
EndProject
Project("{8BC9CEB8-8B4A-11D0-8D11-00A0C91BC942}") = "BussIK", "examples\ThirdPartyLibs\BussIK\BussIK.vcxproj", "{123AA6F8-3E25-3BA6-BA2A-E718B04E11E6}"
	ProjectSection(ProjectDependencies) = postProject
		{66149EB1-15CC-315B-B5A0-C1328F59ADDF} = {66149EB1-15CC-315B-B5A0-C1328F59ADDF}
	EndProjectSection
EndProject
Project("{8BC9CEB8-8B4A-11D0-8D11-00A0C91BC942}") = "ConvexDecomposition", "Extras\ConvexDecomposition\ConvexDecomposition.vcxproj", "{062B5DB6-0D62-3029-A7AC-E56559901C9C}"
	ProjectSection(ProjectDependencies) = postProject
		{66149EB1-15CC-315B-B5A0-C1328F59ADDF} = {66149EB1-15CC-315B-B5A0-C1328F59ADDF}
	EndProjectSection
EndProject
Project("{8BC9CEB8-8B4A-11D0-8D11-00A0C91BC942}") = "GIMPACTUtils", "Extras\GIMPACTUtils\GIMPACTUtils.vcxproj", "{8972957F-4500-38BA-9476-8BD7FD5049FD}"
	ProjectSection(ProjectDependencies) = postProject
		{66149EB1-15CC-315B-B5A0-C1328F59ADDF} = {66149EB1-15CC-315B-B5A0-C1328F59ADDF}
	EndProjectSection
EndProject
Project("{8BC9CEB8-8B4A-11D0-8D11-00A0C91BC942}") = "HACD", "Extras\HACD\HACD.vcxproj", "{4BDC172E-7564-3E53-A7EA-30E55307C9A0}"
	ProjectSection(ProjectDependencies) = postProject
		{66149EB1-15CC-315B-B5A0-C1328F59ADDF} = {66149EB1-15CC-315B-B5A0-C1328F59ADDF}
	EndProjectSection
EndProject
Project("{8BC9CEB8-8B4A-11D0-8D11-00A0C91BC942}") = "INSTALL", "INSTALL.vcxproj", "{0F96F403-3FFD-3E0B-B092-FE81942249DA}"
	ProjectSection(ProjectDependencies) = postProject
		{BD8C2027-FA48-3833-B08C-541C0210B040} = {BD8C2027-FA48-3833-B08C-541C0210B040}
		{66149EB1-15CC-315B-B5A0-C1328F59ADDF} = {66149EB1-15CC-315B-B5A0-C1328F59ADDF}
	EndProjectSection
EndProject
Project("{8BC9CEB8-8B4A-11D0-8D11-00A0C91BC942}") = "LinearMath", "src\LinearMath\LinearMath.vcxproj", "{223785BB-0BD4-361D-8B73-576271D41702}"
	ProjectSection(ProjectDependencies) = postProject
		{66149EB1-15CC-315B-B5A0-C1328F59ADDF} = {66149EB1-15CC-315B-B5A0-C1328F59ADDF}
	EndProjectSection
EndProject
Project("{8BC9CEB8-8B4A-11D0-8D11-00A0C91BC942}") = "OpenGLWindow", "examples\OpenGLWindow\OpenGLWindow.vcxproj", "{D7E174B0-2DDC-35D0-8ADB-FB2A5276BE58}"
	ProjectSection(ProjectDependencies) = postProject
		{66149EB1-15CC-315B-B5A0-C1328F59ADDF} = {66149EB1-15CC-315B-B5A0-C1328F59ADDF}
	EndProjectSection
EndProject
Project("{8BC9CEB8-8B4A-11D0-8D11-00A0C91BC942}") = "RUN_TESTS", "RUN_TESTS.vcxproj", "{46655C1B-1448-353C-9070-09435F574801}"
	ProjectSection(ProjectDependencies) = postProject
		{66149EB1-15CC-315B-B5A0-C1328F59ADDF} = {66149EB1-15CC-315B-B5A0-C1328F59ADDF}
	EndProjectSection
EndProject
Project("{8BC9CEB8-8B4A-11D0-8D11-00A0C91BC942}") = "Test_BulletDynamics", "test\BulletDynamics\pendulum\Test_BulletDynamics.vcxproj", "{F84B4408-E671-3ADC-97DA-1D0AAADD7D02}"
	ProjectSection(ProjectDependencies) = postProject
		{85222E1D-1917-3723-86B7-ACACCCC38A26} = {85222E1D-1917-3723-86B7-ACACCCC38A26}
		{D1566F81-B72F-38F6-BD3A-0BF2166015E6} = {D1566F81-B72F-38F6-BD3A-0BF2166015E6}
		{223785BB-0BD4-361D-8B73-576271D41702} = {223785BB-0BD4-361D-8B73-576271D41702}
		{66149EB1-15CC-315B-B5A0-C1328F59ADDF} = {66149EB1-15CC-315B-B5A0-C1328F59ADDF}
		{9EC3CD63-E423-3761-B1B1-8291310A1D3A} = {9EC3CD63-E423-3761-B1B1-8291310A1D3A}
	EndProjectSection
EndProject
Project("{8BC9CEB8-8B4A-11D0-8D11-00A0C91BC942}") = "Test_BulletInverseDynamics", "test\InverseDynamics\Test_BulletInverseDynamics.vcxproj", "{B150B9BF-97A5-3C0E-8C10-2552DCF32488}"
	ProjectSection(ProjectDependencies) = postProject
		{9904A7D8-15AE-37DF-A4E5-D96CD3DBE02C} = {9904A7D8-15AE-37DF-A4E5-D96CD3DBE02C}
		{85222E1D-1917-3723-86B7-ACACCCC38A26} = {85222E1D-1917-3723-86B7-ACACCCC38A26}
		{D1566F81-B72F-38F6-BD3A-0BF2166015E6} = {D1566F81-B72F-38F6-BD3A-0BF2166015E6}
		{ABF6E71F-78CE-3433-B7FA-F0023D1A502A} = {ABF6E71F-78CE-3433-B7FA-F0023D1A502A}
		{0E181588-C047-3941-877A-80D85511E7E5} = {0E181588-C047-3941-877A-80D85511E7E5}
		{223785BB-0BD4-361D-8B73-576271D41702} = {223785BB-0BD4-361D-8B73-576271D41702}
		{66149EB1-15CC-315B-B5A0-C1328F59ADDF} = {66149EB1-15CC-315B-B5A0-C1328F59ADDF}
		{9EC3CD63-E423-3761-B1B1-8291310A1D3A} = {9EC3CD63-E423-3761-B1B1-8291310A1D3A}
	EndProjectSection
EndProject
Project("{8BC9CEB8-8B4A-11D0-8D11-00A0C91BC942}") = "Test_BulletInverseDynamicsJacobian", "test\InverseDynamics\Test_BulletInverseDynamicsJacobian.vcxproj", "{E08A229C-0425-3A49-BEEE-DDE676349D8B}"
	ProjectSection(ProjectDependencies) = postProject
		{9904A7D8-15AE-37DF-A4E5-D96CD3DBE02C} = {9904A7D8-15AE-37DF-A4E5-D96CD3DBE02C}
		{ABF6E71F-78CE-3433-B7FA-F0023D1A502A} = {ABF6E71F-78CE-3433-B7FA-F0023D1A502A}
		{0E181588-C047-3941-877A-80D85511E7E5} = {0E181588-C047-3941-877A-80D85511E7E5}
		{223785BB-0BD4-361D-8B73-576271D41702} = {223785BB-0BD4-361D-8B73-576271D41702}
		{66149EB1-15CC-315B-B5A0-C1328F59ADDF} = {66149EB1-15CC-315B-B5A0-C1328F59ADDF}
		{9EC3CD63-E423-3761-B1B1-8291310A1D3A} = {9EC3CD63-E423-3761-B1B1-8291310A1D3A}
	EndProjectSection
EndProject
Project("{8BC9CEB8-8B4A-11D0-8D11-00A0C91BC942}") = "Test_BulletInverseForwardDynamics", "test\InverseDynamics\Test_BulletInverseForwardDynamics.vcxproj", "{96081DDE-3BEF-3111-A3A8-6DCBB7496072}"
	ProjectSection(ProjectDependencies) = postProject
		{9904A7D8-15AE-37DF-A4E5-D96CD3DBE02C} = {9904A7D8-15AE-37DF-A4E5-D96CD3DBE02C}
		{85222E1D-1917-3723-86B7-ACACCCC38A26} = {85222E1D-1917-3723-86B7-ACACCCC38A26}
		{D1566F81-B72F-38F6-BD3A-0BF2166015E6} = {D1566F81-B72F-38F6-BD3A-0BF2166015E6}
		{ABF6E71F-78CE-3433-B7FA-F0023D1A502A} = {ABF6E71F-78CE-3433-B7FA-F0023D1A502A}
		{0E181588-C047-3941-877A-80D85511E7E5} = {0E181588-C047-3941-877A-80D85511E7E5}
		{223785BB-0BD4-361D-8B73-576271D41702} = {223785BB-0BD4-361D-8B73-576271D41702}
		{66149EB1-15CC-315B-B5A0-C1328F59ADDF} = {66149EB1-15CC-315B-B5A0-C1328F59ADDF}
		{9EC3CD63-E423-3761-B1B1-8291310A1D3A} = {9EC3CD63-E423-3761-B1B1-8291310A1D3A}
	EndProjectSection
EndProject
Project("{8BC9CEB8-8B4A-11D0-8D11-00A0C91BC942}") = "Test_Collision", "test\collision\Test_Collision.vcxproj", "{84940F76-F7E3-3FAA-84C3-25527A92C054}"
	ProjectSection(ProjectDependencies) = postProject
		{223785BB-0BD4-361D-8B73-576271D41702} = {223785BB-0BD4-361D-8B73-576271D41702}
		{66149EB1-15CC-315B-B5A0-C1328F59ADDF} = {66149EB1-15CC-315B-B5A0-C1328F59ADDF}
		{9EC3CD63-E423-3761-B1B1-8291310A1D3A} = {9EC3CD63-E423-3761-B1B1-8291310A1D3A}
	EndProjectSection
EndProject
Project("{8BC9CEB8-8B4A-11D0-8D11-00A0C91BC942}") = "Test_PhysicsClientServer", "test\SharedMemory\Test_PhysicsClientServer.vcxproj", "{B0E67616-1E14-32B8-8EB9-01ACDB713D69}"
	ProjectSection(ProjectDependencies) = postProject
		{9904A7D8-15AE-37DF-A4E5-D96CD3DBE02C} = {9904A7D8-15AE-37DF-A4E5-D96CD3DBE02C}
		{85222E1D-1917-3723-86B7-ACACCCC38A26} = {85222E1D-1917-3723-86B7-ACACCCC38A26}
		{D1566F81-B72F-38F6-BD3A-0BF2166015E6} = {D1566F81-B72F-38F6-BD3A-0BF2166015E6}
		{B073BAE5-7F0A-3F20-A3DD-032F9570DF95} = {B073BAE5-7F0A-3F20-A3DD-032F9570DF95}
		{ABF6E71F-78CE-3433-B7FA-F0023D1A502A} = {ABF6E71F-78CE-3433-B7FA-F0023D1A502A}
		{0E181588-C047-3941-877A-80D85511E7E5} = {0E181588-C047-3941-877A-80D85511E7E5}
		{621DCD50-CAFE-352E-9C6F-FBB4A0600BA7} = {621DCD50-CAFE-352E-9C6F-FBB4A0600BA7}
		{CA229045-CD42-37DD-AA56-340D4DFDB96F} = {CA229045-CD42-37DD-AA56-340D4DFDB96F}
		{123AA6F8-3E25-3BA6-BA2A-E718B04E11E6} = {123AA6F8-3E25-3BA6-BA2A-E718B04E11E6}
		{223785BB-0BD4-361D-8B73-576271D41702} = {223785BB-0BD4-361D-8B73-576271D41702}
		{66149EB1-15CC-315B-B5A0-C1328F59ADDF} = {66149EB1-15CC-315B-B5A0-C1328F59ADDF}
		{9EC3CD63-E423-3761-B1B1-8291310A1D3A} = {9EC3CD63-E423-3761-B1B1-8291310A1D3A}
	EndProjectSection
EndProject
Project("{8BC9CEB8-8B4A-11D0-8D11-00A0C91BC942}") = "Test_btKinematicCharacterController", "test\BulletDynamics\Test_btKinematicCharacterController.vcxproj", "{A4A1F411-0E36-3451-8F70-E3DA1195D38D}"
	ProjectSection(ProjectDependencies) = postProject
		{85222E1D-1917-3723-86B7-ACACCCC38A26} = {85222E1D-1917-3723-86B7-ACACCCC38A26}
		{D1566F81-B72F-38F6-BD3A-0BF2166015E6} = {D1566F81-B72F-38F6-BD3A-0BF2166015E6}
		{223785BB-0BD4-361D-8B73-576271D41702} = {223785BB-0BD4-361D-8B73-576271D41702}
		{66149EB1-15CC-315B-B5A0-C1328F59ADDF} = {66149EB1-15CC-315B-B5A0-C1328F59ADDF}
		{9EC3CD63-E423-3761-B1B1-8291310A1D3A} = {9EC3CD63-E423-3761-B1B1-8291310A1D3A}
	EndProjectSection
EndProject
Project("{8BC9CEB8-8B4A-11D0-8D11-00A0C91BC942}") = "ZERO_CHECK", "ZERO_CHECK.vcxproj", "{66149EB1-15CC-315B-B5A0-C1328F59ADDF}"
	ProjectSection(ProjectDependencies) = postProject
	EndProjectSection
EndProject
Project("{8BC9CEB8-8B4A-11D0-8D11-00A0C91BC942}") = "clsocket", "examples\ThirdPartyLibs\clsocket\clsocket.vcxproj", "{FD38565A-D40E-3205-8882-E450AB6FF7DF}"
	ProjectSection(ProjectDependencies) = postProject
		{66149EB1-15CC-315B-B5A0-C1328F59ADDF} = {66149EB1-15CC-315B-B5A0-C1328F59ADDF}
	EndProjectSection
EndProject
Project("{8BC9CEB8-8B4A-11D0-8D11-00A0C91BC942}") = "gtest", "test\gtest-1.7.0\gtest.vcxproj", "{9EC3CD63-E423-3761-B1B1-8291310A1D3A}"
	ProjectSection(ProjectDependencies) = postProject
		{66149EB1-15CC-315B-B5A0-C1328F59ADDF} = {66149EB1-15CC-315B-B5A0-C1328F59ADDF}
	EndProjectSection
EndProject
Project("{8BC9CEB8-8B4A-11D0-8D11-00A0C91BC942}") = "gwen", "examples\ThirdPartyLibs\Gwen\gwen.vcxproj", "{12541EFB-BC2C-3CD4-BDEB-1F33C27DEB6E}"
	ProjectSection(ProjectDependencies) = postProject
		{66149EB1-15CC-315B-B5A0-C1328F59ADDF} = {66149EB1-15CC-315B-B5A0-C1328F59ADDF}
	EndProjectSection
EndProject
Global
	GlobalSection(SolutionConfigurationPlatforms) = preSolution
		Debug|x64 = Debug|x64
		Release|x64 = Release|x64
		MinSizeRel|x64 = MinSizeRel|x64
		RelWithDebInfo|x64 = RelWithDebInfo|x64
	EndGlobalSection
	GlobalSection(ProjectConfigurationPlatforms) = postSolution
		{BD8C2027-FA48-3833-B08C-541C0210B040}.Debug|x64.ActiveCfg = Debug|x64
		{BD8C2027-FA48-3833-B08C-541C0210B040}.Debug|x64.Build.0 = Debug|x64
		{BD8C2027-FA48-3833-B08C-541C0210B040}.Release|x64.ActiveCfg = Release|x64
		{BD8C2027-FA48-3833-B08C-541C0210B040}.Release|x64.Build.0 = Release|x64
		{BD8C2027-FA48-3833-B08C-541C0210B040}.MinSizeRel|x64.ActiveCfg = MinSizeRel|x64
		{BD8C2027-FA48-3833-B08C-541C0210B040}.MinSizeRel|x64.Build.0 = MinSizeRel|x64
		{BD8C2027-FA48-3833-B08C-541C0210B040}.RelWithDebInfo|x64.ActiveCfg = RelWithDebInfo|x64
		{BD8C2027-FA48-3833-B08C-541C0210B040}.RelWithDebInfo|x64.Build.0 = RelWithDebInfo|x64
		{FC0476A0-B35F-3086-938B-A67310DF6615}.Debug|x64.ActiveCfg = Debug|x64
		{FC0476A0-B35F-3086-938B-A67310DF6615}.Debug|x64.Build.0 = Debug|x64
		{FC0476A0-B35F-3086-938B-A67310DF6615}.Release|x64.ActiveCfg = Release|x64
		{FC0476A0-B35F-3086-938B-A67310DF6615}.Release|x64.Build.0 = Release|x64
		{FC0476A0-B35F-3086-938B-A67310DF6615}.MinSizeRel|x64.ActiveCfg = MinSizeRel|x64
		{FC0476A0-B35F-3086-938B-A67310DF6615}.MinSizeRel|x64.Build.0 = MinSizeRel|x64
		{FC0476A0-B35F-3086-938B-A67310DF6615}.RelWithDebInfo|x64.ActiveCfg = RelWithDebInfo|x64
		{FC0476A0-B35F-3086-938B-A67310DF6615}.RelWithDebInfo|x64.Build.0 = RelWithDebInfo|x64
		{6A94D296-BF11-38CC-92F5-34400C45BF20}.Debug|x64.ActiveCfg = Debug|x64
		{6A94D296-BF11-38CC-92F5-34400C45BF20}.Debug|x64.Build.0 = Debug|x64
		{6A94D296-BF11-38CC-92F5-34400C45BF20}.Release|x64.ActiveCfg = Release|x64
		{6A94D296-BF11-38CC-92F5-34400C45BF20}.Release|x64.Build.0 = Release|x64
		{6A94D296-BF11-38CC-92F5-34400C45BF20}.MinSizeRel|x64.ActiveCfg = MinSizeRel|x64
		{6A94D296-BF11-38CC-92F5-34400C45BF20}.MinSizeRel|x64.Build.0 = MinSizeRel|x64
		{6A94D296-BF11-38CC-92F5-34400C45BF20}.RelWithDebInfo|x64.ActiveCfg = RelWithDebInfo|x64
		{6A94D296-BF11-38CC-92F5-34400C45BF20}.RelWithDebInfo|x64.Build.0 = RelWithDebInfo|x64
		{9476728B-B621-3BCC-A05B-CD089C4355F8}.Debug|x64.ActiveCfg = Debug|x64
		{9476728B-B621-3BCC-A05B-CD089C4355F8}.Debug|x64.Build.0 = Debug|x64
		{9476728B-B621-3BCC-A05B-CD089C4355F8}.Release|x64.ActiveCfg = Release|x64
		{9476728B-B621-3BCC-A05B-CD089C4355F8}.Release|x64.Build.0 = Release|x64
		{9476728B-B621-3BCC-A05B-CD089C4355F8}.MinSizeRel|x64.ActiveCfg = MinSizeRel|x64
		{9476728B-B621-3BCC-A05B-CD089C4355F8}.MinSizeRel|x64.Build.0 = MinSizeRel|x64
		{9476728B-B621-3BCC-A05B-CD089C4355F8}.RelWithDebInfo|x64.ActiveCfg = RelWithDebInfo|x64
		{9476728B-B621-3BCC-A05B-CD089C4355F8}.RelWithDebInfo|x64.Build.0 = RelWithDebInfo|x64
		{5AE624DB-8F30-375B-AD5F-08A6BCCDCED3}.Debug|x64.ActiveCfg = Debug|x64
		{5AE624DB-8F30-375B-AD5F-08A6BCCDCED3}.Debug|x64.Build.0 = Debug|x64
		{5AE624DB-8F30-375B-AD5F-08A6BCCDCED3}.Release|x64.ActiveCfg = Release|x64
		{5AE624DB-8F30-375B-AD5F-08A6BCCDCED3}.Release|x64.Build.0 = Release|x64
		{5AE624DB-8F30-375B-AD5F-08A6BCCDCED3}.MinSizeRel|x64.ActiveCfg = MinSizeRel|x64
		{5AE624DB-8F30-375B-AD5F-08A6BCCDCED3}.MinSizeRel|x64.Build.0 = MinSizeRel|x64
		{5AE624DB-8F30-375B-AD5F-08A6BCCDCED3}.RelWithDebInfo|x64.ActiveCfg = RelWithDebInfo|x64
		{5AE624DB-8F30-375B-AD5F-08A6BCCDCED3}.RelWithDebInfo|x64.Build.0 = RelWithDebInfo|x64
		{DC2F88ED-7E84-3580-9C1D-97BD8371FD8D}.Debug|x64.ActiveCfg = Debug|x64
		{DC2F88ED-7E84-3580-9C1D-97BD8371FD8D}.Debug|x64.Build.0 = Debug|x64
		{DC2F88ED-7E84-3580-9C1D-97BD8371FD8D}.Release|x64.ActiveCfg = Release|x64
		{DC2F88ED-7E84-3580-9C1D-97BD8371FD8D}.Release|x64.Build.0 = Release|x64
		{DC2F88ED-7E84-3580-9C1D-97BD8371FD8D}.MinSizeRel|x64.ActiveCfg = MinSizeRel|x64
		{DC2F88ED-7E84-3580-9C1D-97BD8371FD8D}.MinSizeRel|x64.Build.0 = MinSizeRel|x64
		{DC2F88ED-7E84-3580-9C1D-97BD8371FD8D}.RelWithDebInfo|x64.ActiveCfg = RelWithDebInfo|x64
		{DC2F88ED-7E84-3580-9C1D-97BD8371FD8D}.RelWithDebInfo|x64.Build.0 = RelWithDebInfo|x64
		{0CD1C3E3-41FE-350B-9890-EE5651BFE557}.Debug|x64.ActiveCfg = Debug|x64
		{0CD1C3E3-41FE-350B-9890-EE5651BFE557}.Debug|x64.Build.0 = Debug|x64
		{0CD1C3E3-41FE-350B-9890-EE5651BFE557}.Release|x64.ActiveCfg = Release|x64
		{0CD1C3E3-41FE-350B-9890-EE5651BFE557}.Release|x64.Build.0 = Release|x64
		{0CD1C3E3-41FE-350B-9890-EE5651BFE557}.MinSizeRel|x64.ActiveCfg = MinSizeRel|x64
		{0CD1C3E3-41FE-350B-9890-EE5651BFE557}.MinSizeRel|x64.Build.0 = MinSizeRel|x64
		{0CD1C3E3-41FE-350B-9890-EE5651BFE557}.RelWithDebInfo|x64.ActiveCfg = RelWithDebInfo|x64
		{0CD1C3E3-41FE-350B-9890-EE5651BFE557}.RelWithDebInfo|x64.Build.0 = RelWithDebInfo|x64
		{B95D172C-25BD-3F7E-BB51-C4CBE1D21DD5}.Debug|x64.ActiveCfg = Debug|x64
		{B95D172C-25BD-3F7E-BB51-C4CBE1D21DD5}.Debug|x64.Build.0 = Debug|x64
		{B95D172C-25BD-3F7E-BB51-C4CBE1D21DD5}.Release|x64.ActiveCfg = Release|x64
		{B95D172C-25BD-3F7E-BB51-C4CBE1D21DD5}.Release|x64.Build.0 = Release|x64
		{B95D172C-25BD-3F7E-BB51-C4CBE1D21DD5}.MinSizeRel|x64.ActiveCfg = MinSizeRel|x64
		{B95D172C-25BD-3F7E-BB51-C4CBE1D21DD5}.MinSizeRel|x64.Build.0 = MinSizeRel|x64
		{B95D172C-25BD-3F7E-BB51-C4CBE1D21DD5}.RelWithDebInfo|x64.ActiveCfg = RelWithDebInfo|x64
		{B95D172C-25BD-3F7E-BB51-C4CBE1D21DD5}.RelWithDebInfo|x64.Build.0 = RelWithDebInfo|x64
		{4C1EB6BE-E7D3-32C1-A2DC-EE2B5A73191D}.Debug|x64.ActiveCfg = Debug|x64
		{4C1EB6BE-E7D3-32C1-A2DC-EE2B5A73191D}.Debug|x64.Build.0 = Debug|x64
		{4C1EB6BE-E7D3-32C1-A2DC-EE2B5A73191D}.Release|x64.ActiveCfg = Release|x64
		{4C1EB6BE-E7D3-32C1-A2DC-EE2B5A73191D}.Release|x64.Build.0 = Release|x64
		{4C1EB6BE-E7D3-32C1-A2DC-EE2B5A73191D}.MinSizeRel|x64.ActiveCfg = MinSizeRel|x64
		{4C1EB6BE-E7D3-32C1-A2DC-EE2B5A73191D}.MinSizeRel|x64.Build.0 = MinSizeRel|x64
		{4C1EB6BE-E7D3-32C1-A2DC-EE2B5A73191D}.RelWithDebInfo|x64.ActiveCfg = RelWithDebInfo|x64
		{4C1EB6BE-E7D3-32C1-A2DC-EE2B5A73191D}.RelWithDebInfo|x64.Build.0 = RelWithDebInfo|x64
		{5734EFE3-1EDD-3E25-A61F-4AEE96F331EA}.Debug|x64.ActiveCfg = Debug|x64
		{5734EFE3-1EDD-3E25-A61F-4AEE96F331EA}.Debug|x64.Build.0 = Debug|x64
		{5734EFE3-1EDD-3E25-A61F-4AEE96F331EA}.Release|x64.ActiveCfg = Release|x64
		{5734EFE3-1EDD-3E25-A61F-4AEE96F331EA}.Release|x64.Build.0 = Release|x64
		{5734EFE3-1EDD-3E25-A61F-4AEE96F331EA}.MinSizeRel|x64.ActiveCfg = MinSizeRel|x64
		{5734EFE3-1EDD-3E25-A61F-4AEE96F331EA}.MinSizeRel|x64.Build.0 = MinSizeRel|x64
		{5734EFE3-1EDD-3E25-A61F-4AEE96F331EA}.RelWithDebInfo|x64.ActiveCfg = RelWithDebInfo|x64
		{5734EFE3-1EDD-3E25-A61F-4AEE96F331EA}.RelWithDebInfo|x64.Build.0 = RelWithDebInfo|x64
		{CCB7EDB2-5814-3A99-AAA7-1EEC9D935C01}.Debug|x64.ActiveCfg = Debug|x64
		{CCB7EDB2-5814-3A99-AAA7-1EEC9D935C01}.Debug|x64.Build.0 = Debug|x64
		{CCB7EDB2-5814-3A99-AAA7-1EEC9D935C01}.Release|x64.ActiveCfg = Release|x64
		{CCB7EDB2-5814-3A99-AAA7-1EEC9D935C01}.Release|x64.Build.0 = Release|x64
		{CCB7EDB2-5814-3A99-AAA7-1EEC9D935C01}.MinSizeRel|x64.ActiveCfg = MinSizeRel|x64
		{CCB7EDB2-5814-3A99-AAA7-1EEC9D935C01}.MinSizeRel|x64.Build.0 = MinSizeRel|x64
		{CCB7EDB2-5814-3A99-AAA7-1EEC9D935C01}.RelWithDebInfo|x64.ActiveCfg = RelWithDebInfo|x64
		{CCB7EDB2-5814-3A99-AAA7-1EEC9D935C01}.RelWithDebInfo|x64.Build.0 = RelWithDebInfo|x64
		{EC52325A-1AAE-3EC6-9D61-758693A8CC50}.Debug|x64.ActiveCfg = Debug|x64
		{EC52325A-1AAE-3EC6-9D61-758693A8CC50}.Debug|x64.Build.0 = Debug|x64
		{EC52325A-1AAE-3EC6-9D61-758693A8CC50}.Release|x64.ActiveCfg = Release|x64
		{EC52325A-1AAE-3EC6-9D61-758693A8CC50}.Release|x64.Build.0 = Release|x64
		{EC52325A-1AAE-3EC6-9D61-758693A8CC50}.MinSizeRel|x64.ActiveCfg = MinSizeRel|x64
		{EC52325A-1AAE-3EC6-9D61-758693A8CC50}.MinSizeRel|x64.Build.0 = MinSizeRel|x64
		{EC52325A-1AAE-3EC6-9D61-758693A8CC50}.RelWithDebInfo|x64.ActiveCfg = RelWithDebInfo|x64
		{EC52325A-1AAE-3EC6-9D61-758693A8CC50}.RelWithDebInfo|x64.Build.0 = RelWithDebInfo|x64
		{484B16AB-F3B9-35A1-A659-8B7C54D0A770}.Debug|x64.ActiveCfg = Debug|x64
		{484B16AB-F3B9-35A1-A659-8B7C54D0A770}.Debug|x64.Build.0 = Debug|x64
		{484B16AB-F3B9-35A1-A659-8B7C54D0A770}.Release|x64.ActiveCfg = Release|x64
		{484B16AB-F3B9-35A1-A659-8B7C54D0A770}.Release|x64.Build.0 = Release|x64
		{484B16AB-F3B9-35A1-A659-8B7C54D0A770}.MinSizeRel|x64.ActiveCfg = MinSizeRel|x64
		{484B16AB-F3B9-35A1-A659-8B7C54D0A770}.MinSizeRel|x64.Build.0 = MinSizeRel|x64
		{484B16AB-F3B9-35A1-A659-8B7C54D0A770}.RelWithDebInfo|x64.ActiveCfg = RelWithDebInfo|x64
		{484B16AB-F3B9-35A1-A659-8B7C54D0A770}.RelWithDebInfo|x64.Build.0 = RelWithDebInfo|x64
		{55DD5992-F084-33F2-91B8-ED1F6936C46D}.Debug|x64.ActiveCfg = Debug|x64
		{55DD5992-F084-33F2-91B8-ED1F6936C46D}.Debug|x64.Build.0 = Debug|x64
		{55DD5992-F084-33F2-91B8-ED1F6936C46D}.Release|x64.ActiveCfg = Release|x64
		{55DD5992-F084-33F2-91B8-ED1F6936C46D}.Release|x64.Build.0 = Release|x64
		{55DD5992-F084-33F2-91B8-ED1F6936C46D}.MinSizeRel|x64.ActiveCfg = MinSizeRel|x64
		{55DD5992-F084-33F2-91B8-ED1F6936C46D}.MinSizeRel|x64.Build.0 = MinSizeRel|x64
		{55DD5992-F084-33F2-91B8-ED1F6936C46D}.RelWithDebInfo|x64.ActiveCfg = RelWithDebInfo|x64
		{55DD5992-F084-33F2-91B8-ED1F6936C46D}.RelWithDebInfo|x64.Build.0 = RelWithDebInfo|x64
		{2EA438E8-7079-3834-97F8-BE98ABAB7376}.Debug|x64.ActiveCfg = Debug|x64
		{2EA438E8-7079-3834-97F8-BE98ABAB7376}.Debug|x64.Build.0 = Debug|x64
		{2EA438E8-7079-3834-97F8-BE98ABAB7376}.Release|x64.ActiveCfg = Release|x64
		{2EA438E8-7079-3834-97F8-BE98ABAB7376}.Release|x64.Build.0 = Release|x64
		{2EA438E8-7079-3834-97F8-BE98ABAB7376}.MinSizeRel|x64.ActiveCfg = MinSizeRel|x64
		{2EA438E8-7079-3834-97F8-BE98ABAB7376}.MinSizeRel|x64.Build.0 = MinSizeRel|x64
		{2EA438E8-7079-3834-97F8-BE98ABAB7376}.RelWithDebInfo|x64.ActiveCfg = RelWithDebInfo|x64
		{2EA438E8-7079-3834-97F8-BE98ABAB7376}.RelWithDebInfo|x64.Build.0 = RelWithDebInfo|x64
		{9904A7D8-15AE-37DF-A4E5-D96CD3DBE02C}.Debug|x64.ActiveCfg = Debug|x64
		{9904A7D8-15AE-37DF-A4E5-D96CD3DBE02C}.Debug|x64.Build.0 = Debug|x64
		{9904A7D8-15AE-37DF-A4E5-D96CD3DBE02C}.Release|x64.ActiveCfg = Release|x64
		{9904A7D8-15AE-37DF-A4E5-D96CD3DBE02C}.Release|x64.Build.0 = Release|x64
		{9904A7D8-15AE-37DF-A4E5-D96CD3DBE02C}.MinSizeRel|x64.ActiveCfg = MinSizeRel|x64
		{9904A7D8-15AE-37DF-A4E5-D96CD3DBE02C}.MinSizeRel|x64.Build.0 = MinSizeRel|x64
		{9904A7D8-15AE-37DF-A4E5-D96CD3DBE02C}.RelWithDebInfo|x64.ActiveCfg = RelWithDebInfo|x64
		{9904A7D8-15AE-37DF-A4E5-D96CD3DBE02C}.RelWithDebInfo|x64.Build.0 = RelWithDebInfo|x64
		{66C1973D-6036-3DC8-B86E-B10C7A0EB084}.Debug|x64.ActiveCfg = Debug|x64
		{66C1973D-6036-3DC8-B86E-B10C7A0EB084}.Debug|x64.Build.0 = Debug|x64
		{66C1973D-6036-3DC8-B86E-B10C7A0EB084}.Release|x64.ActiveCfg = Release|x64
		{66C1973D-6036-3DC8-B86E-B10C7A0EB084}.Release|x64.Build.0 = Release|x64
		{66C1973D-6036-3DC8-B86E-B10C7A0EB084}.MinSizeRel|x64.ActiveCfg = MinSizeRel|x64
		{66C1973D-6036-3DC8-B86E-B10C7A0EB084}.MinSizeRel|x64.Build.0 = MinSizeRel|x64
		{66C1973D-6036-3DC8-B86E-B10C7A0EB084}.RelWithDebInfo|x64.ActiveCfg = RelWithDebInfo|x64
		{66C1973D-6036-3DC8-B86E-B10C7A0EB084}.RelWithDebInfo|x64.Build.0 = RelWithDebInfo|x64
		{6644FB91-353E-3EA4-9283-89D9A3EC7A08}.Debug|x64.ActiveCfg = Debug|x64
		{6644FB91-353E-3EA4-9283-89D9A3EC7A08}.Debug|x64.Build.0 = Debug|x64
		{6644FB91-353E-3EA4-9283-89D9A3EC7A08}.Release|x64.ActiveCfg = Release|x64
		{6644FB91-353E-3EA4-9283-89D9A3EC7A08}.Release|x64.Build.0 = Release|x64
		{6644FB91-353E-3EA4-9283-89D9A3EC7A08}.MinSizeRel|x64.ActiveCfg = MinSizeRel|x64
		{6644FB91-353E-3EA4-9283-89D9A3EC7A08}.MinSizeRel|x64.Build.0 = MinSizeRel|x64
		{6644FB91-353E-3EA4-9283-89D9A3EC7A08}.RelWithDebInfo|x64.ActiveCfg = RelWithDebInfo|x64
		{6644FB91-353E-3EA4-9283-89D9A3EC7A08}.RelWithDebInfo|x64.Build.0 = RelWithDebInfo|x64
		{B2243281-E9E5-3607-97F3-80C8A57627E7}.Debug|x64.ActiveCfg = Debug|x64
		{B2243281-E9E5-3607-97F3-80C8A57627E7}.Debug|x64.Build.0 = Debug|x64
		{B2243281-E9E5-3607-97F3-80C8A57627E7}.Release|x64.ActiveCfg = Release|x64
		{B2243281-E9E5-3607-97F3-80C8A57627E7}.Release|x64.Build.0 = Release|x64
		{B2243281-E9E5-3607-97F3-80C8A57627E7}.MinSizeRel|x64.ActiveCfg = MinSizeRel|x64
		{B2243281-E9E5-3607-97F3-80C8A57627E7}.MinSizeRel|x64.Build.0 = MinSizeRel|x64
		{B2243281-E9E5-3607-97F3-80C8A57627E7}.RelWithDebInfo|x64.ActiveCfg = RelWithDebInfo|x64
		{B2243281-E9E5-3607-97F3-80C8A57627E7}.RelWithDebInfo|x64.Build.0 = RelWithDebInfo|x64
		{85222E1D-1917-3723-86B7-ACACCCC38A26}.Debug|x64.ActiveCfg = Debug|x64
		{85222E1D-1917-3723-86B7-ACACCCC38A26}.Debug|x64.Build.0 = Debug|x64
		{85222E1D-1917-3723-86B7-ACACCCC38A26}.Release|x64.ActiveCfg = Release|x64
		{85222E1D-1917-3723-86B7-ACACCCC38A26}.Release|x64.Build.0 = Release|x64
		{85222E1D-1917-3723-86B7-ACACCCC38A26}.MinSizeRel|x64.ActiveCfg = MinSizeRel|x64
		{85222E1D-1917-3723-86B7-ACACCCC38A26}.MinSizeRel|x64.Build.0 = MinSizeRel|x64
		{85222E1D-1917-3723-86B7-ACACCCC38A26}.RelWithDebInfo|x64.ActiveCfg = RelWithDebInfo|x64
		{85222E1D-1917-3723-86B7-ACACCCC38A26}.RelWithDebInfo|x64.Build.0 = RelWithDebInfo|x64
		{D1566F81-B72F-38F6-BD3A-0BF2166015E6}.Debug|x64.ActiveCfg = Debug|x64
		{D1566F81-B72F-38F6-BD3A-0BF2166015E6}.Debug|x64.Build.0 = Debug|x64
		{D1566F81-B72F-38F6-BD3A-0BF2166015E6}.Release|x64.ActiveCfg = Release|x64
		{D1566F81-B72F-38F6-BD3A-0BF2166015E6}.Release|x64.Build.0 = Release|x64
		{D1566F81-B72F-38F6-BD3A-0BF2166015E6}.MinSizeRel|x64.ActiveCfg = MinSizeRel|x64
		{D1566F81-B72F-38F6-BD3A-0BF2166015E6}.MinSizeRel|x64.Build.0 = MinSizeRel|x64
		{D1566F81-B72F-38F6-BD3A-0BF2166015E6}.RelWithDebInfo|x64.ActiveCfg = RelWithDebInfo|x64
		{D1566F81-B72F-38F6-BD3A-0BF2166015E6}.RelWithDebInfo|x64.Build.0 = RelWithDebInfo|x64
		{49E8CE2F-B569-3590-862F-CBC8ED4AB706}.Debug|x64.ActiveCfg = Debug|x64
		{49E8CE2F-B569-3590-862F-CBC8ED4AB706}.Debug|x64.Build.0 = Debug|x64
		{49E8CE2F-B569-3590-862F-CBC8ED4AB706}.Release|x64.ActiveCfg = Release|x64
		{49E8CE2F-B569-3590-862F-CBC8ED4AB706}.Release|x64.Build.0 = Release|x64
		{49E8CE2F-B569-3590-862F-CBC8ED4AB706}.MinSizeRel|x64.ActiveCfg = MinSizeRel|x64
		{49E8CE2F-B569-3590-862F-CBC8ED4AB706}.MinSizeRel|x64.Build.0 = MinSizeRel|x64
		{49E8CE2F-B569-3590-862F-CBC8ED4AB706}.RelWithDebInfo|x64.ActiveCfg = RelWithDebInfo|x64
		{49E8CE2F-B569-3590-862F-CBC8ED4AB706}.RelWithDebInfo|x64.Build.0 = RelWithDebInfo|x64
		{B073BAE5-7F0A-3F20-A3DD-032F9570DF95}.Debug|x64.ActiveCfg = Debug|x64
		{B073BAE5-7F0A-3F20-A3DD-032F9570DF95}.Debug|x64.Build.0 = Debug|x64
		{B073BAE5-7F0A-3F20-A3DD-032F9570DF95}.Release|x64.ActiveCfg = Release|x64
		{B073BAE5-7F0A-3F20-A3DD-032F9570DF95}.Release|x64.Build.0 = Release|x64
		{B073BAE5-7F0A-3F20-A3DD-032F9570DF95}.MinSizeRel|x64.ActiveCfg = MinSizeRel|x64
		{B073BAE5-7F0A-3F20-A3DD-032F9570DF95}.MinSizeRel|x64.Build.0 = MinSizeRel|x64
		{B073BAE5-7F0A-3F20-A3DD-032F9570DF95}.RelWithDebInfo|x64.ActiveCfg = RelWithDebInfo|x64
		{B073BAE5-7F0A-3F20-A3DD-032F9570DF95}.RelWithDebInfo|x64.Build.0 = RelWithDebInfo|x64
		{ABF6E71F-78CE-3433-B7FA-F0023D1A502A}.Debug|x64.ActiveCfg = Debug|x64
		{ABF6E71F-78CE-3433-B7FA-F0023D1A502A}.Debug|x64.Build.0 = Debug|x64
		{ABF6E71F-78CE-3433-B7FA-F0023D1A502A}.Release|x64.ActiveCfg = Release|x64
		{ABF6E71F-78CE-3433-B7FA-F0023D1A502A}.Release|x64.Build.0 = Release|x64
		{ABF6E71F-78CE-3433-B7FA-F0023D1A502A}.MinSizeRel|x64.ActiveCfg = MinSizeRel|x64
		{ABF6E71F-78CE-3433-B7FA-F0023D1A502A}.MinSizeRel|x64.Build.0 = MinSizeRel|x64
		{ABF6E71F-78CE-3433-B7FA-F0023D1A502A}.RelWithDebInfo|x64.ActiveCfg = RelWithDebInfo|x64
		{ABF6E71F-78CE-3433-B7FA-F0023D1A502A}.RelWithDebInfo|x64.Build.0 = RelWithDebInfo|x64
		{0E181588-C047-3941-877A-80D85511E7E5}.Debug|x64.ActiveCfg = Debug|x64
		{0E181588-C047-3941-877A-80D85511E7E5}.Debug|x64.Build.0 = Debug|x64
		{0E181588-C047-3941-877A-80D85511E7E5}.Release|x64.ActiveCfg = Release|x64
		{0E181588-C047-3941-877A-80D85511E7E5}.Release|x64.Build.0 = Release|x64
		{0E181588-C047-3941-877A-80D85511E7E5}.MinSizeRel|x64.ActiveCfg = MinSizeRel|x64
		{0E181588-C047-3941-877A-80D85511E7E5}.MinSizeRel|x64.Build.0 = MinSizeRel|x64
		{0E181588-C047-3941-877A-80D85511E7E5}.RelWithDebInfo|x64.ActiveCfg = RelWithDebInfo|x64
		{0E181588-C047-3941-877A-80D85511E7E5}.RelWithDebInfo|x64.Build.0 = RelWithDebInfo|x64
		{2B045043-7FAF-35A5-8532-4E812F6464FA}.Debug|x64.ActiveCfg = Debug|x64
		{2B045043-7FAF-35A5-8532-4E812F6464FA}.Debug|x64.Build.0 = Debug|x64
		{2B045043-7FAF-35A5-8532-4E812F6464FA}.Release|x64.ActiveCfg = Release|x64
		{2B045043-7FAF-35A5-8532-4E812F6464FA}.Release|x64.Build.0 = Release|x64
		{2B045043-7FAF-35A5-8532-4E812F6464FA}.MinSizeRel|x64.ActiveCfg = MinSizeRel|x64
		{2B045043-7FAF-35A5-8532-4E812F6464FA}.MinSizeRel|x64.Build.0 = MinSizeRel|x64
		{2B045043-7FAF-35A5-8532-4E812F6464FA}.RelWithDebInfo|x64.ActiveCfg = RelWithDebInfo|x64
		{2B045043-7FAF-35A5-8532-4E812F6464FA}.RelWithDebInfo|x64.Build.0 = RelWithDebInfo|x64
		{621DCD50-CAFE-352E-9C6F-FBB4A0600BA7}.Debug|x64.ActiveCfg = Debug|x64
		{621DCD50-CAFE-352E-9C6F-FBB4A0600BA7}.Debug|x64.Build.0 = Debug|x64
		{621DCD50-CAFE-352E-9C6F-FBB4A0600BA7}.Release|x64.ActiveCfg = Release|x64
		{621DCD50-CAFE-352E-9C6F-FBB4A0600BA7}.Release|x64.Build.0 = Release|x64
		{621DCD50-CAFE-352E-9C6F-FBB4A0600BA7}.MinSizeRel|x64.ActiveCfg = MinSizeRel|x64
		{621DCD50-CAFE-352E-9C6F-FBB4A0600BA7}.MinSizeRel|x64.Build.0 = MinSizeRel|x64
		{621DCD50-CAFE-352E-9C6F-FBB4A0600BA7}.RelWithDebInfo|x64.ActiveCfg = RelWithDebInfo|x64
		{621DCD50-CAFE-352E-9C6F-FBB4A0600BA7}.RelWithDebInfo|x64.Build.0 = RelWithDebInfo|x64
		{CA229045-CD42-37DD-AA56-340D4DFDB96F}.Debug|x64.ActiveCfg = Debug|x64
		{CA229045-CD42-37DD-AA56-340D4DFDB96F}.Debug|x64.Build.0 = Debug|x64
		{CA229045-CD42-37DD-AA56-340D4DFDB96F}.Release|x64.ActiveCfg = Release|x64
		{CA229045-CD42-37DD-AA56-340D4DFDB96F}.Release|x64.Build.0 = Release|x64
		{CA229045-CD42-37DD-AA56-340D4DFDB96F}.MinSizeRel|x64.ActiveCfg = MinSizeRel|x64
		{CA229045-CD42-37DD-AA56-340D4DFDB96F}.MinSizeRel|x64.Build.0 = MinSizeRel|x64
		{CA229045-CD42-37DD-AA56-340D4DFDB96F}.RelWithDebInfo|x64.ActiveCfg = RelWithDebInfo|x64
		{CA229045-CD42-37DD-AA56-340D4DFDB96F}.RelWithDebInfo|x64.Build.0 = RelWithDebInfo|x64
		{48516BA9-33B8-350C-8544-9E1A1F4AB087}.Debug|x64.ActiveCfg = Debug|x64
		{48516BA9-33B8-350C-8544-9E1A1F4AB087}.Debug|x64.Build.0 = Debug|x64
		{48516BA9-33B8-350C-8544-9E1A1F4AB087}.Release|x64.ActiveCfg = Release|x64
		{48516BA9-33B8-350C-8544-9E1A1F4AB087}.Release|x64.Build.0 = Release|x64
		{48516BA9-33B8-350C-8544-9E1A1F4AB087}.MinSizeRel|x64.ActiveCfg = MinSizeRel|x64
		{48516BA9-33B8-350C-8544-9E1A1F4AB087}.MinSizeRel|x64.Build.0 = MinSizeRel|x64
		{48516BA9-33B8-350C-8544-9E1A1F4AB087}.RelWithDebInfo|x64.ActiveCfg = RelWithDebInfo|x64
		{48516BA9-33B8-350C-8544-9E1A1F4AB087}.RelWithDebInfo|x64.Build.0 = RelWithDebInfo|x64
		{123AA6F8-3E25-3BA6-BA2A-E718B04E11E6}.Debug|x64.ActiveCfg = Debug|x64
		{123AA6F8-3E25-3BA6-BA2A-E718B04E11E6}.Debug|x64.Build.0 = Debug|x64
		{123AA6F8-3E25-3BA6-BA2A-E718B04E11E6}.Release|x64.ActiveCfg = Release|x64
		{123AA6F8-3E25-3BA6-BA2A-E718B04E11E6}.Release|x64.Build.0 = Release|x64
		{123AA6F8-3E25-3BA6-BA2A-E718B04E11E6}.MinSizeRel|x64.ActiveCfg = MinSizeRel|x64
		{123AA6F8-3E25-3BA6-BA2A-E718B04E11E6}.MinSizeRel|x64.Build.0 = MinSizeRel|x64
		{123AA6F8-3E25-3BA6-BA2A-E718B04E11E6}.RelWithDebInfo|x64.ActiveCfg = RelWithDebInfo|x64
		{123AA6F8-3E25-3BA6-BA2A-E718B04E11E6}.RelWithDebInfo|x64.Build.0 = RelWithDebInfo|x64
		{062B5DB6-0D62-3029-A7AC-E56559901C9C}.Debug|x64.ActiveCfg = Debug|x64
		{062B5DB6-0D62-3029-A7AC-E56559901C9C}.Debug|x64.Build.0 = Debug|x64
		{062B5DB6-0D62-3029-A7AC-E56559901C9C}.Release|x64.ActiveCfg = Release|x64
		{062B5DB6-0D62-3029-A7AC-E56559901C9C}.Release|x64.Build.0 = Release|x64
		{062B5DB6-0D62-3029-A7AC-E56559901C9C}.MinSizeRel|x64.ActiveCfg = MinSizeRel|x64
		{062B5DB6-0D62-3029-A7AC-E56559901C9C}.MinSizeRel|x64.Build.0 = MinSizeRel|x64
		{062B5DB6-0D62-3029-A7AC-E56559901C9C}.RelWithDebInfo|x64.ActiveCfg = RelWithDebInfo|x64
		{062B5DB6-0D62-3029-A7AC-E56559901C9C}.RelWithDebInfo|x64.Build.0 = RelWithDebInfo|x64
		{8972957F-4500-38BA-9476-8BD7FD5049FD}.Debug|x64.ActiveCfg = Debug|x64
		{8972957F-4500-38BA-9476-8BD7FD5049FD}.Debug|x64.Build.0 = Debug|x64
		{8972957F-4500-38BA-9476-8BD7FD5049FD}.Release|x64.ActiveCfg = Release|x64
		{8972957F-4500-38BA-9476-8BD7FD5049FD}.Release|x64.Build.0 = Release|x64
		{8972957F-4500-38BA-9476-8BD7FD5049FD}.MinSizeRel|x64.ActiveCfg = MinSizeRel|x64
		{8972957F-4500-38BA-9476-8BD7FD5049FD}.MinSizeRel|x64.Build.0 = MinSizeRel|x64
		{8972957F-4500-38BA-9476-8BD7FD5049FD}.RelWithDebInfo|x64.ActiveCfg = RelWithDebInfo|x64
		{8972957F-4500-38BA-9476-8BD7FD5049FD}.RelWithDebInfo|x64.Build.0 = RelWithDebInfo|x64
		{4BDC172E-7564-3E53-A7EA-30E55307C9A0}.Debug|x64.ActiveCfg = Debug|x64
		{4BDC172E-7564-3E53-A7EA-30E55307C9A0}.Debug|x64.Build.0 = Debug|x64
		{4BDC172E-7564-3E53-A7EA-30E55307C9A0}.Release|x64.ActiveCfg = Release|x64
		{4BDC172E-7564-3E53-A7EA-30E55307C9A0}.Release|x64.Build.0 = Release|x64
		{4BDC172E-7564-3E53-A7EA-30E55307C9A0}.MinSizeRel|x64.ActiveCfg = MinSizeRel|x64
		{4BDC172E-7564-3E53-A7EA-30E55307C9A0}.MinSizeRel|x64.Build.0 = MinSizeRel|x64
		{4BDC172E-7564-3E53-A7EA-30E55307C9A0}.RelWithDebInfo|x64.ActiveCfg = RelWithDebInfo|x64
		{4BDC172E-7564-3E53-A7EA-30E55307C9A0}.RelWithDebInfo|x64.Build.0 = RelWithDebInfo|x64
		{0F96F403-3FFD-3E0B-B092-FE81942249DA}.Debug|x64.ActiveCfg = Debug|x64
		{0F96F403-3FFD-3E0B-B092-FE81942249DA}.Release|x64.ActiveCfg = Release|x64
		{0F96F403-3FFD-3E0B-B092-FE81942249DA}.MinSizeRel|x64.ActiveCfg = MinSizeRel|x64
		{0F96F403-3FFD-3E0B-B092-FE81942249DA}.RelWithDebInfo|x64.ActiveCfg = RelWithDebInfo|x64
		{223785BB-0BD4-361D-8B73-576271D41702}.Debug|x64.ActiveCfg = Debug|x64
		{223785BB-0BD4-361D-8B73-576271D41702}.Debug|x64.Build.0 = Debug|x64
		{223785BB-0BD4-361D-8B73-576271D41702}.Release|x64.ActiveCfg = Release|x64
		{223785BB-0BD4-361D-8B73-576271D41702}.Release|x64.Build.0 = Release|x64
		{223785BB-0BD4-361D-8B73-576271D41702}.MinSizeRel|x64.ActiveCfg = MinSizeRel|x64
		{223785BB-0BD4-361D-8B73-576271D41702}.MinSizeRel|x64.Build.0 = MinSizeRel|x64
		{223785BB-0BD4-361D-8B73-576271D41702}.RelWithDebInfo|x64.ActiveCfg = RelWithDebInfo|x64
		{223785BB-0BD4-361D-8B73-576271D41702}.RelWithDebInfo|x64.Build.0 = RelWithDebInfo|x64
		{D7E174B0-2DDC-35D0-8ADB-FB2A5276BE58}.Debug|x64.ActiveCfg = Debug|x64
		{D7E174B0-2DDC-35D0-8ADB-FB2A5276BE58}.Debug|x64.Build.0 = Debug|x64
		{D7E174B0-2DDC-35D0-8ADB-FB2A5276BE58}.Release|x64.ActiveCfg = Release|x64
		{D7E174B0-2DDC-35D0-8ADB-FB2A5276BE58}.Release|x64.Build.0 = Release|x64
		{D7E174B0-2DDC-35D0-8ADB-FB2A5276BE58}.MinSizeRel|x64.ActiveCfg = MinSizeRel|x64
		{D7E174B0-2DDC-35D0-8ADB-FB2A5276BE58}.MinSizeRel|x64.Build.0 = MinSizeRel|x64
		{D7E174B0-2DDC-35D0-8ADB-FB2A5276BE58}.RelWithDebInfo|x64.ActiveCfg = RelWithDebInfo|x64
		{D7E174B0-2DDC-35D0-8ADB-FB2A5276BE58}.RelWithDebInfo|x64.Build.0 = RelWithDebInfo|x64
		{46655C1B-1448-353C-9070-09435F574801}.Debug|x64.ActiveCfg = Debug|x64
		{46655C1B-1448-353C-9070-09435F574801}.Release|x64.ActiveCfg = Release|x64
		{46655C1B-1448-353C-9070-09435F574801}.MinSizeRel|x64.ActiveCfg = MinSizeRel|x64
		{46655C1B-1448-353C-9070-09435F574801}.RelWithDebInfo|x64.ActiveCfg = RelWithDebInfo|x64
		{F84B4408-E671-3ADC-97DA-1D0AAADD7D02}.Debug|x64.ActiveCfg = Debug|x64
		{F84B4408-E671-3ADC-97DA-1D0AAADD7D02}.Debug|x64.Build.0 = Debug|x64
		{F84B4408-E671-3ADC-97DA-1D0AAADD7D02}.Release|x64.ActiveCfg = Release|x64
		{F84B4408-E671-3ADC-97DA-1D0AAADD7D02}.Release|x64.Build.0 = Release|x64
		{F84B4408-E671-3ADC-97DA-1D0AAADD7D02}.MinSizeRel|x64.ActiveCfg = MinSizeRel|x64
		{F84B4408-E671-3ADC-97DA-1D0AAADD7D02}.MinSizeRel|x64.Build.0 = MinSizeRel|x64
		{F84B4408-E671-3ADC-97DA-1D0AAADD7D02}.RelWithDebInfo|x64.ActiveCfg = RelWithDebInfo|x64
		{F84B4408-E671-3ADC-97DA-1D0AAADD7D02}.RelWithDebInfo|x64.Build.0 = RelWithDebInfo|x64
		{B150B9BF-97A5-3C0E-8C10-2552DCF32488}.Debug|x64.ActiveCfg = Debug|x64
		{B150B9BF-97A5-3C0E-8C10-2552DCF32488}.Debug|x64.Build.0 = Debug|x64
		{B150B9BF-97A5-3C0E-8C10-2552DCF32488}.Release|x64.ActiveCfg = Release|x64
		{B150B9BF-97A5-3C0E-8C10-2552DCF32488}.Release|x64.Build.0 = Release|x64
		{B150B9BF-97A5-3C0E-8C10-2552DCF32488}.MinSizeRel|x64.ActiveCfg = MinSizeRel|x64
		{B150B9BF-97A5-3C0E-8C10-2552DCF32488}.MinSizeRel|x64.Build.0 = MinSizeRel|x64
		{B150B9BF-97A5-3C0E-8C10-2552DCF32488}.RelWithDebInfo|x64.ActiveCfg = RelWithDebInfo|x64
		{B150B9BF-97A5-3C0E-8C10-2552DCF32488}.RelWithDebInfo|x64.Build.0 = RelWithDebInfo|x64
		{E08A229C-0425-3A49-BEEE-DDE676349D8B}.Debug|x64.ActiveCfg = Debug|x64
		{E08A229C-0425-3A49-BEEE-DDE676349D8B}.Debug|x64.Build.0 = Debug|x64
		{E08A229C-0425-3A49-BEEE-DDE676349D8B}.Release|x64.ActiveCfg = Release|x64
		{E08A229C-0425-3A49-BEEE-DDE676349D8B}.Release|x64.Build.0 = Release|x64
		{E08A229C-0425-3A49-BEEE-DDE676349D8B}.MinSizeRel|x64.ActiveCfg = MinSizeRel|x64
		{E08A229C-0425-3A49-BEEE-DDE676349D8B}.MinSizeRel|x64.Build.0 = MinSizeRel|x64
		{E08A229C-0425-3A49-BEEE-DDE676349D8B}.RelWithDebInfo|x64.ActiveCfg = RelWithDebInfo|x64
		{E08A229C-0425-3A49-BEEE-DDE676349D8B}.RelWithDebInfo|x64.Build.0 = RelWithDebInfo|x64
		{96081DDE-3BEF-3111-A3A8-6DCBB7496072}.Debug|x64.ActiveCfg = Debug|x64
		{96081DDE-3BEF-3111-A3A8-6DCBB7496072}.Debug|x64.Build.0 = Debug|x64
		{96081DDE-3BEF-3111-A3A8-6DCBB7496072}.Release|x64.ActiveCfg = Release|x64
		{96081DDE-3BEF-3111-A3A8-6DCBB7496072}.Release|x64.Build.0 = Release|x64
		{96081DDE-3BEF-3111-A3A8-6DCBB7496072}.MinSizeRel|x64.ActiveCfg = MinSizeRel|x64
		{96081DDE-3BEF-3111-A3A8-6DCBB7496072}.MinSizeRel|x64.Build.0 = MinSizeRel|x64
		{96081DDE-3BEF-3111-A3A8-6DCBB7496072}.RelWithDebInfo|x64.ActiveCfg = RelWithDebInfo|x64
		{96081DDE-3BEF-3111-A3A8-6DCBB7496072}.RelWithDebInfo|x64.Build.0 = RelWithDebInfo|x64
		{84940F76-F7E3-3FAA-84C3-25527A92C054}.Debug|x64.ActiveCfg = Debug|x64
		{84940F76-F7E3-3FAA-84C3-25527A92C054}.Debug|x64.Build.0 = Debug|x64
		{84940F76-F7E3-3FAA-84C3-25527A92C054}.Release|x64.ActiveCfg = Release|x64
		{84940F76-F7E3-3FAA-84C3-25527A92C054}.Release|x64.Build.0 = Release|x64
		{84940F76-F7E3-3FAA-84C3-25527A92C054}.MinSizeRel|x64.ActiveCfg = MinSizeRel|x64
		{84940F76-F7E3-3FAA-84C3-25527A92C054}.MinSizeRel|x64.Build.0 = MinSizeRel|x64
		{84940F76-F7E3-3FAA-84C3-25527A92C054}.RelWithDebInfo|x64.ActiveCfg = RelWithDebInfo|x64
		{84940F76-F7E3-3FAA-84C3-25527A92C054}.RelWithDebInfo|x64.Build.0 = RelWithDebInfo|x64
		{B0E67616-1E14-32B8-8EB9-01ACDB713D69}.Debug|x64.ActiveCfg = Debug|x64
		{B0E67616-1E14-32B8-8EB9-01ACDB713D69}.Debug|x64.Build.0 = Debug|x64
		{B0E67616-1E14-32B8-8EB9-01ACDB713D69}.Release|x64.ActiveCfg = Release|x64
		{B0E67616-1E14-32B8-8EB9-01ACDB713D69}.Release|x64.Build.0 = Release|x64
		{B0E67616-1E14-32B8-8EB9-01ACDB713D69}.MinSizeRel|x64.ActiveCfg = MinSizeRel|x64
		{B0E67616-1E14-32B8-8EB9-01ACDB713D69}.MinSizeRel|x64.Build.0 = MinSizeRel|x64
		{B0E67616-1E14-32B8-8EB9-01ACDB713D69}.RelWithDebInfo|x64.ActiveCfg = RelWithDebInfo|x64
		{B0E67616-1E14-32B8-8EB9-01ACDB713D69}.RelWithDebInfo|x64.Build.0 = RelWithDebInfo|x64
		{A4A1F411-0E36-3451-8F70-E3DA1195D38D}.Debug|x64.ActiveCfg = Debug|x64
		{A4A1F411-0E36-3451-8F70-E3DA1195D38D}.Debug|x64.Build.0 = Debug|x64
		{A4A1F411-0E36-3451-8F70-E3DA1195D38D}.Release|x64.ActiveCfg = Release|x64
		{A4A1F411-0E36-3451-8F70-E3DA1195D38D}.Release|x64.Build.0 = Release|x64
		{A4A1F411-0E36-3451-8F70-E3DA1195D38D}.MinSizeRel|x64.ActiveCfg = MinSizeRel|x64
		{A4A1F411-0E36-3451-8F70-E3DA1195D38D}.MinSizeRel|x64.Build.0 = MinSizeRel|x64
		{A4A1F411-0E36-3451-8F70-E3DA1195D38D}.RelWithDebInfo|x64.ActiveCfg = RelWithDebInfo|x64
		{A4A1F411-0E36-3451-8F70-E3DA1195D38D}.RelWithDebInfo|x64.Build.0 = RelWithDebInfo|x64
		{66149EB1-15CC-315B-B5A0-C1328F59ADDF}.Debug|x64.ActiveCfg = Debug|x64
		{66149EB1-15CC-315B-B5A0-C1328F59ADDF}.Debug|x64.Build.0 = Debug|x64
		{66149EB1-15CC-315B-B5A0-C1328F59ADDF}.Release|x64.ActiveCfg = Release|x64
		{66149EB1-15CC-315B-B5A0-C1328F59ADDF}.Release|x64.Build.0 = Release|x64
		{66149EB1-15CC-315B-B5A0-C1328F59ADDF}.MinSizeRel|x64.ActiveCfg = MinSizeRel|x64
		{66149EB1-15CC-315B-B5A0-C1328F59ADDF}.MinSizeRel|x64.Build.0 = MinSizeRel|x64
		{66149EB1-15CC-315B-B5A0-C1328F59ADDF}.RelWithDebInfo|x64.ActiveCfg = RelWithDebInfo|x64
		{66149EB1-15CC-315B-B5A0-C1328F59ADDF}.RelWithDebInfo|x64.Build.0 = RelWithDebInfo|x64
		{FD38565A-D40E-3205-8882-E450AB6FF7DF}.Debug|x64.ActiveCfg = Debug|x64
		{FD38565A-D40E-3205-8882-E450AB6FF7DF}.Debug|x64.Build.0 = Debug|x64
		{FD38565A-D40E-3205-8882-E450AB6FF7DF}.Release|x64.ActiveCfg = Release|x64
		{FD38565A-D40E-3205-8882-E450AB6FF7DF}.Release|x64.Build.0 = Release|x64
		{FD38565A-D40E-3205-8882-E450AB6FF7DF}.MinSizeRel|x64.ActiveCfg = MinSizeRel|x64
		{FD38565A-D40E-3205-8882-E450AB6FF7DF}.MinSizeRel|x64.Build.0 = MinSizeRel|x64
		{FD38565A-D40E-3205-8882-E450AB6FF7DF}.RelWithDebInfo|x64.ActiveCfg = RelWithDebInfo|x64
		{FD38565A-D40E-3205-8882-E450AB6FF7DF}.RelWithDebInfo|x64.Build.0 = RelWithDebInfo|x64
		{9EC3CD63-E423-3761-B1B1-8291310A1D3A}.Debug|x64.ActiveCfg = Debug|x64
		{9EC3CD63-E423-3761-B1B1-8291310A1D3A}.Debug|x64.Build.0 = Debug|x64
		{9EC3CD63-E423-3761-B1B1-8291310A1D3A}.Release|x64.ActiveCfg = Release|x64
		{9EC3CD63-E423-3761-B1B1-8291310A1D3A}.Release|x64.Build.0 = Release|x64
		{9EC3CD63-E423-3761-B1B1-8291310A1D3A}.MinSizeRel|x64.ActiveCfg = MinSizeRel|x64
		{9EC3CD63-E423-3761-B1B1-8291310A1D3A}.MinSizeRel|x64.Build.0 = MinSizeRel|x64
		{9EC3CD63-E423-3761-B1B1-8291310A1D3A}.RelWithDebInfo|x64.ActiveCfg = RelWithDebInfo|x64
		{9EC3CD63-E423-3761-B1B1-8291310A1D3A}.RelWithDebInfo|x64.Build.0 = RelWithDebInfo|x64
		{12541EFB-BC2C-3CD4-BDEB-1F33C27DEB6E}.Debug|x64.ActiveCfg = Debug|x64
		{12541EFB-BC2C-3CD4-BDEB-1F33C27DEB6E}.Debug|x64.Build.0 = Debug|x64
		{12541EFB-BC2C-3CD4-BDEB-1F33C27DEB6E}.Release|x64.ActiveCfg = Release|x64
		{12541EFB-BC2C-3CD4-BDEB-1F33C27DEB6E}.Release|x64.Build.0 = Release|x64
		{12541EFB-BC2C-3CD4-BDEB-1F33C27DEB6E}.MinSizeRel|x64.ActiveCfg = MinSizeRel|x64
		{12541EFB-BC2C-3CD4-BDEB-1F33C27DEB6E}.MinSizeRel|x64.Build.0 = MinSizeRel|x64
		{12541EFB-BC2C-3CD4-BDEB-1F33C27DEB6E}.RelWithDebInfo|x64.ActiveCfg = RelWithDebInfo|x64
		{12541EFB-BC2C-3CD4-BDEB-1F33C27DEB6E}.RelWithDebInfo|x64.Build.0 = RelWithDebInfo|x64
	EndGlobalSection
	GlobalSection(ExtensibilityGlobals) = postSolution
		SolutionGuid = {F1CAAFDE-A248-3B27-8F80-6C966D207D5B}
	EndGlobalSection
	GlobalSection(ExtensibilityAddIns) = postSolution
	EndGlobalSection
EndGlobal
